{
  "version": 1,
  "dependencies": {
    "net10.0": {
      "coverlet.collector": {
        "type": "Direct",
        "requested": "[6.0.2, )",
        "resolved": "6.0.2",
        "contentHash": "bJShQ6uWRTQ100ZeyiMqcFlhP7WJ+bCuabUs885dJiBEzMsJMSFr7BOyeCw4rgvQokteGi5rKQTlkhfQPUXg2A=="
      },
      "Microsoft.CodeAnalysis.CSharp.SourceGenerators.Testing.XUnit": {
        "type": "Direct",
        "requested": "[1.1.1, )",
        "resolved": "1.1.1",
        "contentHash": "GYhL7vB1k5S4eEKYGeWpjgiozhGglOuIt4fGS/7AuK7HK+SRMWUk4RN6diLNlr0p8+xWbu7kD9glt8npM/vUeA==",
        "dependencies": {
          "Microsoft.CodeAnalysis.Analyzer.Testing": "[1.1.1]",
          "Microsoft.CodeAnalysis.Analyzers": "3.3.2",
          "Microsoft.CodeAnalysis.CSharp.SourceGenerators.Testing": "[1.1.1]",
          "Microsoft.CodeAnalysis.CSharp.Workspaces": "3.8.0",
          "Microsoft.CodeAnalysis.SourceGenerators.Testing": "[1.1.1]",
          "Microsoft.CodeAnalysis.Testing.Verifiers.XUnit": "[1.1.1]"
        }
      },
      "Microsoft.CodeAnalysis.CSharp.Workspaces": {
        "type": "Direct",
        "requested": "[4.9.2, )",
        "resolved": "4.9.2",
        "contentHash": "c74oxEil3fiZ3nXchnIgY6mXS4roHGiQBT6p3X6dMWokVqluHiqi3PNcXyxH8N/w28rQeXprF3mca83rPPNrMw==",
        "dependencies": {
          "Humanizer.Core": "2.14.1",
          "Microsoft.CodeAnalysis.CSharp": "[4.9.2]",
          "Microsoft.CodeAnalysis.Common": "[4.9.2]",
          "Microsoft.CodeAnalysis.Workspaces.Common": "[4.9.2]"
        }
      },
      "Microsoft.NET.Test.Sdk": {
        "type": "Direct",
        "requested": "[17.8.0, )",
        "resolved": "17.8.0",
        "contentHash": "BmTYGbD/YuDHmApIENdoyN1jCk0Rj1fJB0+B/fVekyTdVidr91IlzhqzytiUgaEAzL1ZJcYCme0MeBMYvJVzvw==",
        "dependencies": {
          "Microsoft.CodeCoverage": "17.8.0",
          "Microsoft.TestPlatform.TestHost": "17.8.0"
        }
      },
      "Microsoft.Win32.Registry": {
        "type": "Direct",
        "requested": "[4.3.0, )",
        "resolved": "4.3.0",
        "contentHash": "Lw1/VwLH1yxz6SfFEjVRCN0pnflLEsWgnV4qsdJ512/HhTwnKXUG+zDQ4yTO3K/EJQemGoNaBHX5InISNKTzUQ==",
        "dependencies": {
          "Microsoft.NETCore.Platforms": "1.1.0"
        }
      },
      "NuGet.Common": {
        "type": "Direct",
        "requested": "[5.11.7, )",
        "resolved": "5.11.7",
        "contentHash": "Oggh2phPUvSa701HVKqQrDPCXa06qQ66vHKzktXT4k6ZmrWy7U2xOleKNOJskAeYGVEErm+39TKKjig1y92wHg==",
        "dependencies": {
          "NuGet.Frameworks": "5.11.7"
        }
      },
      "NuGet.Packaging": {
        "type": "Direct",
        "requested": "[5.11.7, )",
        "resolved": "5.11.7",
        "contentHash": "T4GQRKg5D0z3ZQR7s5tvRCG1ObvhPOJUheCTvbph3+YlbDBGOVr9ksjCgGgms2YOk8s3IFXA61pgcWANoqjE4g==",
        "dependencies": {
          "Newtonsoft.Json": "9.0.1",
          "NuGet.Configuration": "5.11.7",
          "NuGet.Versioning": "5.11.7",
          "System.Security.Cryptography.Pkcs": "5.0.0"
        }
      },
      "NuGet.Protocol": {
        "type": "Direct",
        "requested": "[5.11.7, )",
        "resolved": "5.11.7",
        "contentHash": "r8Ii/43q/EgoxfyuiLKXbo9dBD5crweTHvPA7zvEsosDqDNHMl/JBWjtC3Qyl9sF4rx668ITB5Rl8+KwDr+7ow==",
        "dependencies": {
          "NuGet.Packaging": "5.11.7"
        }
      },
      "System.Diagnostics.DiagnosticSource": {
        "type": "Direct",
        "requested": "[4.3.0, )",
        "resolved": "4.3.0",
        "contentHash": "tD6kosZnTAGdrEa0tZSuFyunMbt/5KYDnHdndJYGqZoNy00XVXyACd5d6KnE1YgYv3ne2CjtAfNXo/fwEhnKUA=="
      },
      "System.Runtime.CompilerServices.Unsafe": {
        "type": "Direct",
        "requested": "[6.0.0, )",
        "resolved": "6.0.0",
        "contentHash": "/iUeP3tq1S0XdNNoMz5C9twLSrM/TH+qElHkXWaPvuNOt+99G75NrV0OS2EqHx5wMN7popYjpc8oTjC1y16DLg=="
      },
      "xunit": {
        "type": "Direct",
        "requested": "[2.4.2, )",
        "resolved": "2.4.2",
        "contentHash": "6Mj73Ont3zj2CJuoykVJfE0ZmRwn7C+pTuRP8c4bnaaTFjwNG6tGe0prJ1yIbMe9AHrpDys63ctWacSsFJWK/w==",
        "dependencies": {
          "xunit.analyzers": "1.0.0",
          "xunit.assert": "2.4.2",
          "xunit.core": "[2.4.2]"
        }
      },
      "xunit.runner.visualstudio": {
        "type": "Direct",
        "requested": "[2.4.5, )",
        "resolved": "2.4.5",
        "contentHash": "OwHamvBdUKgqsXfBzWiCW/O98BTx81UKzx2bieIOQI7CZFE5NEQZGi8PBQGIKawDW96xeRffiNf20SjfC0x9hw=="
      },
      "DiffPlex": {
        "type": "Transitive",
        "resolved": "1.5.0",
        "contentHash": "scJeM04b6MxaGZPqgRLBYfKc3slw4PzWVmdYxTDoIe/iAspiPAxibKzsceNn7JuGEPlrXSuC9LzqbXUJxRpFoQ==",
        "dependencies": {
          "NETStandard.Library": "1.6.1"
        }
      },
      "Humanizer.Core": {
        "type": "Transitive",
        "resolved": "2.14.1",
        "contentHash": "lQKvtaTDOXnoVJ20ibTuSIOf2i0uO0MPbDhd1jm238I+U/2ZnRENj0cktKZhtchBMtCUSRQ5v4xBCUbKNmyVMw=="
      },
      "IndexRange": {
        "type": "Transitive",
        "resolved": "1.0.3",
        "contentHash": "tqgj3LuQHDH0OfGZamyiW1i9fhpny5piqvI+8Y7IIaRly+Bhqv5Z7zSlcIwA/DlYPS/cBmVwb+J4VGEFFqmnfQ=="
      },
      "Microsoft.CodeAnalysis.Analyzer.Testing": {
        "type": "Transitive",
        "resolved": "1.1.1",
        "contentHash": "2iXgZ9EarsZSwFqEYB4WUVuelC1qezjfjJe3zNDQtmHdeKFZS78iY0fluJgKtin3VcuqTFASMMJNXoVQm92afA==",
        "dependencies": {
          "DiffPlex": "1.5.0",
          "Microsoft.CodeAnalysis.Analyzers": "2.6.1",
          "Microsoft.CodeAnalysis.Workspaces.Common": "1.0.1",
          "Microsoft.VisualStudio.Composition": "16.1.8",
          "NuGet.Common": "5.6.0",
          "NuGet.Packaging": "5.6.0",
          "NuGet.Protocol": "5.6.0",
          "NuGet.Resolver": "5.6.0"
        }
      },
      "Microsoft.CodeAnalysis.Analyzers": {
        "type": "Transitive",
        "resolved": "3.3.4",
        "contentHash": "AxkxcPR+rheX0SmvpLVIGLhOUXAKG56a64kV9VQZ4y9gR9ZmPXnqZvHJnmwLSwzrEP6junUF11vuc+aqo5r68g=="
      },
      "Microsoft.CodeAnalysis.Common": {
        "type": "Transitive",
        "resolved": "4.9.2",
        "contentHash": "M5PThug7b2AdxL7xKmQs50KzAQTl9jENw5jMT3iUt16k+DAFlw1S87juU3UuPs3gvBm8trMBSOEvSFDr31c9Vw==",
        "dependencies": {
          "Microsoft.CodeAnalysis.Analyzers": "3.3.4"
        }
      },
      "Microsoft.CodeAnalysis.CSharp": {
        "type": "Transitive",
        "resolved": "4.9.2",
        "contentHash": "HGIo7E9Mf3exAJbUdYpDFfLoYkSVaHDJXPyusWTYUTBaOPCowGw+Gap5McE1w+K+ryIXre72oiqL88sQHmHBmg==",
        "dependencies": {
          "Microsoft.CodeAnalysis.Common": "[4.9.2]"
        }
      },
      "Microsoft.CodeAnalysis.CSharp.SourceGenerators.Testing": {
        "type": "Transitive",
        "resolved": "1.1.1",
        "contentHash": "LQUe36bbFyivon9UmADPnM4wTpnv3RaL2VuEv88NdrU+czSrqSRQ50IgN3tyPo7pnGnQUCL8jtNegGhIZ9h0/g==",
        "dependencies": {
          "Microsoft.CodeAnalysis.Analyzers": "3.3.2",
          "Microsoft.CodeAnalysis.CSharp.Workspaces": "3.8.0",
          "Microsoft.CodeAnalysis.SourceGenerators.Testing": "[1.1.1]"
        }
      },
      "Microsoft.CodeAnalysis.SourceGenerators.Testing": {
        "type": "Transitive",
        "resolved": "1.1.1",
        "contentHash": "vFOoLeX3KQ5jB0gMaUY6Eh0903KPD7cTPJVyZUh5chzQxOolQonUp5LNJQGyxHBVBBrvVlv+wQsKRYvJiEFX6g==",
        "dependencies": {
          "Microsoft.CodeAnalysis.Analyzer.Testing": "[1.1.1]",
          "Microsoft.CodeAnalysis.Analyzers": "3.3.2",
          "Microsoft.CodeAnalysis.Workspaces.Common": "3.8.0"
        }
      },
      "Microsoft.CodeAnalysis.Testing.Verifiers.XUnit": {
        "type": "Transitive",
        "resolved": "1.1.1",
        "contentHash": "0rS61ZxdwFUV4xwZy2Kjlo5aMiAlqX7h2/SWKI/ex7af0qLEvIfMmdNdSb+NHgg0Q/MdGD2LLxCL+GtLEUCXwQ==",
        "dependencies": {
          "Microsoft.CodeAnalysis.Analyzer.Testing": "[1.1.1]",
          "xunit.assert": "2.3.0"
        }
      },
      "Microsoft.CodeAnalysis.Workspaces.Common": {
        "type": "Transitive",
        "resolved": "4.9.2",
        "contentHash": "sgBlkBjKwUdpbtwM7SnBdOxvQxuaTtO9F8QgvKY5cH/OnlwDTZqmkK8hfDbhxv9wnN2wME10BL2vIv1fLJwFGA==",
        "dependencies": {
          "Humanizer.Core": "2.14.1",
          "Microsoft.CodeAnalysis.Common": "[4.9.2]",
          "System.Composition": "8.0.0"
        }
      },
      "Microsoft.CodeCoverage": {
        "type": "Transitive",
        "resolved": "17.8.0",
        "contentHash": "KC8SXWbGIdoFVdlxKk9WHccm0llm9HypcHMLUUFabRiTS3SO2fQXNZfdiF3qkEdTJhbRrxhdRxjL4jbtwPq4Ew=="
      },
      "Microsoft.NETCore.Platforms": {
        "type": "Transitive",
        "resolved": "1.1.0",
        "contentHash": "kz0PEW2lhqygehI/d6XsPCQzD7ff7gUJaVGPVETX611eadGsA3A877GdSlU0LRVMCTH/+P3o2iDTak+S08V2+A=="
      },
      "Microsoft.TestPlatform.ObjectModel": {
        "type": "Transitive",
        "resolved": "17.8.0",
        "contentHash": "AYy6vlpGMfz5kOFq99L93RGbqftW/8eQTqjT9iGXW6s9MRP3UdtY8idJ8rJcjeSja8A18IhIro5YnH3uv1nz4g==",
        "dependencies": {
          "NuGet.Frameworks": "6.5.0"
        }
      },
      "Microsoft.TestPlatform.TestHost": {
        "type": "Transitive",
        "resolved": "17.8.0",
        "contentHash": "9ivcl/7SGRmOT0YYrHQGohWiT5YCpkmy/UEzldfVisLm6QxbLaK3FAJqZXI34rnRLmqqDCeMQxKINwmKwAPiDw==",
        "dependencies": {
          "Microsoft.TestPlatform.ObjectModel": "17.8.0",
          "Newtonsoft.Json": "13.0.1"
        }
      },
      "Microsoft.VisualStudio.Composition": {
        "type": "Transitive",
        "resolved": "16.1.8",
        "contentHash": "N+thv3dcT7kjn0Xz3U0uBm2CH4uoaMvH8wC6Gy2HWx7HLNdEpqGoMraLyoBdizmypD1owLCJQIa2uKmWe4/o8A==",
        "dependencies": {
          "Microsoft.VisualStudio.Composition.NetFxAttributes": "16.1.8",
          "Microsoft.VisualStudio.Validation": "15.0.82",
          "System.Composition": "1.0.31"
        }
      },
      "Microsoft.VisualStudio.Composition.NetFxAttributes": {
        "type": "Transitive",
        "resolved": "16.1.8",
        "contentHash": "EbwZWTvdzit68qZSuTI8nd1PZ87pYjhpCwtsis8lrUKJ7XLdbE5rxY6YrY7OFze+YUsguzqZlNjX4Yn5nL9qBw==",
        "dependencies": {
          "System.ComponentModel.Composition": "4.5.0"
        }
      },
      "Microsoft.VisualStudio.Validation": {
        "type": "Transitive",
        "resolved": "15.0.82",
        "contentHash": "XwZyVCsHuEtnd6nYScJnA8XkXPzy4Ok0DV5/hqqAe5ccgOhJ6yap7Qh/sU/i6QxEzuYyECPYDQ7IOyEQ3yRQgQ=="
      },
      "NETStandard.Library": {
        "type": "Transitive",
        "resolved": "1.6.1",
        "contentHash": "WcSp3+vP+yHNgS8EV5J7pZ9IRpeDuARBPN28by8zqff1wJQXm26PVU8L3/fYLBJVU7BtDyqNVWq2KlCVvSSR4A==",
        "dependencies": {
          "Microsoft.NETCore.Platforms": "1.1.0"
        }
      },
      "Newtonsoft.Json": {
        "type": "Transitive",
        "resolved": "13.0.1",
        "contentHash": "ppPFpBcvxdsfUonNcvITKqLl3bqxWbDCZIzDWHzjpdAHRFfZe0Dw9HmA0+za13IdyrgJwpkDTDA9fHaxOrt20A=="
      },
      "NuGet.Configuration": {
        "type": "Transitive",
        "resolved": "5.11.7",
        "contentHash": "JwDOb/X4za5CE//0Zk6mefzOLtJi+2VzURao8SWYlbP71JIdnk/0X4zo7hW75UsSC8z/1B9nQbS30jCxt6J01g==",
        "dependencies": {
          "NuGet.Common": "5.11.7",
          "System.Security.Cryptography.ProtectedData": "4.4.0"
        }
      },
      "NuGet.Frameworks": {
        "type": "Transitive",
        "resolved": "6.5.0",
        "contentHash": "QWINE2x3MbTODsWT1Gh71GaGb5icBz4chS8VYvTgsBnsi8esgN6wtHhydd7fvToWECYGq7T4cgBBDiKD/363fg=="
      },
      "NuGet.Resolver": {
        "type": "Transitive",
        "resolved": "5.6.0",
        "contentHash": "SH7vnLbYr4KlzOSitAqv5AVP0o0mnGBR2fcoKXENhrUvIEQ3awo+IokL3IChsWNTULLFDxdyQmr6Zd4VgnotSA==",
        "dependencies": {
          "NuGet.Protocol": "5.6.0"
        }
      },
      "NuGet.Versioning": {
        "type": "Transitive",
        "resolved": "5.11.7",
        "contentHash": "zqlxNkLLDBUYKUekymidXkZadnJ3Jero+hBkLmoh8Qrw+mJkFx+XyVsJWTq2/ttirwLNXm+jakM08y+1tL62Qg=="
      },
      "System.ComponentModel.Composition": {
        "type": "Transitive",
        "resolved": "4.5.0",
        "contentHash": "+iB9FoZnfdqMEGq6np28X6YNSUrse16CakmIhV3h6PxEWt7jYxUN3Txs1D8MZhhf4QmyvK0F/EcIN0f4gGN0dA==",
        "dependencies": {
          "System.Security.Permissions": "4.5.0"
        }
      },
      "System.Composition": {
        "type": "Transitive",
        "resolved": "8.0.0",
        "contentHash": "E9oO9olNNxA39J8CxQwf7ceIPm+j/B/PhYpyK9M4LhN/OLLRw6u5fNInkhVqaWueMB9iXxYqnwqwgz+W91loIA==",
        "dependencies": {
          "System.Composition.AttributedModel": "8.0.0",
          "System.Composition.Convention": "8.0.0",
          "System.Composition.Hosting": "8.0.0",
          "System.Composition.Runtime": "8.0.0",
          "System.Composition.TypedParts": "8.0.0"
        }
      },
      "System.Composition.AttributedModel": {
        "type": "Transitive",
        "resolved": "8.0.0",
        "contentHash": "NyElSuvmBMYdn2iPG0n29i7Igu0bq99izOP3MAtEwskY3OP9jqsavvVmPn9lesVaj/KT/o/QkNjA43dOJTsDQw=="
      },
      "System.Composition.Convention": {
        "type": "Transitive",
        "resolved": "8.0.0",
        "contentHash": "UuVkc1B3vQU/LzEbWLMZ1aYVssv4rpShzf8wPEyrUqoGNqdYKREmB8bXR73heOMKkwS6ZnPz3PjGODT2MenukQ==",
        "dependencies": {
          "System.Composition.AttributedModel": "8.0.0"
        }
      },
      "System.Composition.Hosting": {
        "type": "Transitive",
        "resolved": "8.0.0",
        "contentHash": "qwbONqoxlazxcbiohvb3t1JWZgKIKcRdXS5uEeLbo5wtuBupIbAvdC3PYTAeBCZrZeERvrtAbhYHuuS43Zr1bQ==",
        "dependencies": {
          "System.Composition.Runtime": "8.0.0"
        }
      },
      "System.Composition.Runtime": {
        "type": "Transitive",
        "resolved": "8.0.0",
        "contentHash": "G+kRyB5/6+3ucRRQz+DF4uSHGqpkK8Q4ilVdbt4zvxpmvLVZNmSkyFAQpJLcbOyVF85aomJx0m+TGMDVlwx7ZQ=="
      },
      "System.Composition.TypedParts": {
        "type": "Transitive",
        "resolved": "8.0.0",
        "contentHash": "DsSklhuA+Dsgo3ZZrar8hjBFvq1wa1grrkNCTt+6SoX3vq0Vy+HXJnVXrU/nNH1BjlGH684A7h4hJQHZd/u5mA==",
        "dependencies": {
          "System.Composition.AttributedModel": "8.0.0",
          "System.Composition.Hosting": "8.0.0",
          "System.Composition.Runtime": "8.0.0"
        }
      },
      "System.Security.Cryptography.Pkcs": {
        "type": "Transitive",
        "resolved": "5.0.0",
        "contentHash": "9TPLGjBCGKmNvG8pjwPeuYy0SMVmGZRwlTZvyPHDbYv/DRkoeumJdfumaaDNQzVGMEmbWtg07zUpSW9q70IlDQ=="
      },
      "System.Security.Cryptography.ProtectedData": {
        "type": "Transitive",
        "resolved": "4.4.0",
        "contentHash": "cJV7ScGW7EhatRsjehfvvYVBvtiSMKgN8bOVI0bQhnF5bU7vnHVIsH49Kva7i7GWaWYvmEzkYVk1TC+gZYBEog=="
      },
      "System.Security.Permissions": {
        "type": "Transitive",
        "resolved": "4.5.0",
        "contentHash": "9gdyuARhUR7H+p5CjyUB/zPk7/Xut3wUSP8NJQB6iZr8L3XUXTMdoLeVAg9N4rqF8oIpE7MpdqHdDHQ7XgJe0g=="
      },
      "xunit.abstractions": {
        "type": "Transitive",
        "resolved": "2.0.3",
        "contentHash": "pot1I4YOxlWjIb5jmwvvQNbTrZ3lJQ+jUGkGjWE3hEFM0l5gOnBWS+H3qsex68s5cO52g+44vpGzhAt+42vwKg=="
      },
      "xunit.analyzers": {
        "type": "Transitive",
        "resolved": "1.0.0",
        "contentHash": "BeO8hEgs/c8Ls2647fPfieMngncvf0D0xYNDfIO59MolxtCtVjFRd6SRc+7tj8VMqkVOuJcnc9eh4ngI2cAmLQ=="
      },
      "xunit.assert": {
        "type": "Transitive",
        "resolved": "2.4.2",
        "contentHash": "pxJISOFjn2XTTi1mcDCkRZrTFb9OtRRCtx2kZFNF51GdReLr1ls2rnyxvAS4JO247K3aNtflvh5Q0346K5BROA==",
        "dependencies": {
          "NETStandard.Library": "1.6.1"
        }
      },
      "xunit.core": {
        "type": "Transitive",
        "resolved": "2.4.2",
        "contentHash": "KB4yGCxNqIVyekhJLXtKSEq6BaXVp/JO3mbGVE1hxypZTLEe7h+sTbAhpA+yZW2dPtXTuiW+C1B2oxxHEkrmOw==",
        "dependencies": {
          "xunit.extensibility.core": "[2.4.2]",
          "xunit.extensibility.execution": "[2.4.2]"
        }
      },
      "xunit.extensibility.core": {
        "type": "Transitive",
        "resolved": "2.4.2",
        "contentHash": "W1BoXTIN1C6kpVSMw25huSet25ky6IAQUNovu3zGOGN/jWnbgSoTyCrlIhmXSg0tH5nEf8q7h3OjNHOjyu5PfA==",
        "dependencies": {
          "NETStandard.Library": "1.6.1",
          "xunit.abstractions": "2.0.3"
        }
      },
      "xunit.extensibility.execution": {
        "type": "Transitive",
        "resolved": "2.4.2",
        "contentHash": "CZmgcKkwpyo8FlupZdWpJCryrAOWLh1FBPG6gmVZuPQkGQsim/oL4PcP4nfrC2hHgXUFtluvaJ0Sp9PQKUMNpg==",
        "dependencies": {
          "NETStandard.Library": "1.6.1",
          "xunit.extensibility.core": "[2.4.2]"
        }
      },
      "texttotalk.ui.sourcegeneration": {
        "type": "Project",
        "dependencies": {
          "IndexRange": "[1.0.3, )"
        }
      }
    }
  }
}