{
  "version": 1,
  "dependencies": {
    "net8.0-windows7.0": {
      "Microsoft.NET.ILLink.Tasks": {
        "type": "Direct",
        "requested": "[8.0.0, )",
        "resolved": "8.0.0",
        "contentHash": "B3etT5XQ2nlWkZGO2m/ytDYrOmSsQG1XNBaM6ZYlX5Ch/tDrMFadr0/mK6gjZwaQc55g+5+WZMw4Cz3m8VEF7g=="
      }
    },
    "net8.0-windows7.0/win-x64": {}
  }
}