{
  "version": 1,
  "dependencies": {
    "net8.0-windows7.0": {
      "Microsoft.DotNet.ILCompiler": {
        "type": "Direct",
        "requested": "[8.0.0, )",
        "resolved": "8.0.0",
        "contentHash": "zuTbpcWDCCvESnOAvpHuwum1C3jJIeDl+grYcRDqyoHsPAUutIB6wb7iJV3Y2Q96crKC6cObqf92eOVEiG7keQ=="
      },
      "Microsoft.NET.ILLink.Tasks": {
        "type": "Direct",
        "requested": "[8.0.0, )",
        "resolved": "8.0.0",
        "contentHash": "B3etT5XQ2nlWkZGO2m/ytDYrOmSsQG1XNBaM6ZYlX5Ch/tDrMFadr0/mK6gjZwaQc55g+5+WZMw4Cz3m8VEF7g=="
      }
    },
    "net8.0-windows7.0/win-x64": {
      "Microsoft.DotNet.ILCompiler": {
        "type": "Direct",
        "requested": "[8.0.0, )",
        "resolved": "8.0.0",
        "contentHash": "zuTbpcWDCCvESnOAvpHuwum1C3jJIeDl+grYcRDqyoHsPAUutIB6wb7iJV3Y2Q96crKC6cObqf92eOVEiG7keQ==",
        "dependencies": {
          "runtime.win-x64.Microsoft.DotNet.ILCompiler": "8.0.0"
        }
      },
      "runtime.win-x64.Microsoft.DotNet.ILCompiler": {
        "type": "Transitive",
        "resolved": "8.0.0",
        "contentHash": "iDP98FDvgLAFG40UkHybKTyPlDSiN/vqYJHlLmN7V4W8Yi+H+wxPGDjsaMN9TGkdkpTk/UHbMflWmro9IkPSYw=="
      }
    }
  }
}