{
  "version": 1,
  "dependencies": {
    "net6.0": {
      "YamlDotNet": {
        "type": "Direct",
        "requested": "[12.0.0, )",
        "resolved": "12.0.0",
        "contentHash": "sMp20zI63j7xVoor98vGeDxteLeyuAlM330L7XbXxMMPjLdP1mwoK/5Nn/8Vldc9hUMN5otkg88bVLEtQnPdaw=="
      }
    }
  }
}