{
  "version": 1,
  "dependencies": {
    "net9.0": {
      "coverlet.collector": {
        "type": "Direct",
        "requested": "[6.0.2, )",
        "resolved": "6.0.2",
        "contentHash": "bJShQ6uWRTQ100ZeyiMqcFlhP7WJ+bCuabUs885dJiBEzMsJMSFr7BOyeCw4rgvQokteGi5rKQTlkhfQPUXg2A=="
      },
      "Microsoft.NET.Test.Sdk": {
        "type": "Direct",
        "requested": "[17.9.0, )",
        "resolved": "17.9.0",
        "contentHash": "7GUNAUbJYn644jzwLm5BD3a2p9C1dmP8Hr6fDPDxgItQk9hBs1Svdxzz07KQ/UphMSmgza9AbijBJGmw5D658A==",
        "dependencies": {
          "Microsoft.CodeCoverage": "17.9.0",
          "Microsoft.TestPlatform.TestHost": "17.9.0"
        }
      },
      "Moq": {
        "type": "Direct",
        "requested": "[4.20.70, )",
        "resolved": "4.20.70",
        "contentHash": "4rNnAwdpXJBuxqrOCzCyICXHSImOTRktCgCWXWykuF1qwoIsVvEnR7PjbMk/eLOxWvhmj5Kwt+kDV3RGUYcNwg==",
        "dependencies": {
          "Castle.Core": "5.1.1"
        }
      },
      "xunit": {
        "type": "Direct",
        "requested": "[2.7.0, )",
        "resolved": "2.7.0",
        "contentHash": "KcCI5zxh8zbUfQTeErc4oT7YokViVND2V0p4vDJ2VD4lhF9V5qCYMMDNixme7FdwYy3SwPHF+2xC2Dq4Z9GSlA==",
        "dependencies": {
          "xunit.analyzers": "1.11.0",
          "xunit.assert": "2.7.0",
          "xunit.core": "[2.7.0]"
        }
      },
      "xunit.runner.visualstudio": {
        "type": "Direct",
        "requested": "[2.5.7, )",
        "resolved": "2.5.7",
        "contentHash": "31Rl7dBJriX0DNwZfDp8gqFOPsiM0c9kqpcH/HvNi9vDp+K7Ydf42H7mVIvYT918Ywzn1ymLg1c4DDC6iU754w=="
      },
      "AdysTech.CredentialManager": {
        "type": "Transitive",
        "resolved": "2.6.0",
        "contentHash": "3R3DB9ezOHC39upAwdrTEnju18k6lQ/BNmxjlLJhDPiE/09cWOeg9u1s8K1a85CGikn77KrASB+C0Vf2m+JNIA=="
      },
      "AWSSDK.Core": {
        "type": "Transitive",
        "resolved": "3.7.400.48",
        "contentHash": "YNGrlZNJh1VY8zLEQxo8BVq+QDXwLhCKcqcUd3jqzumT/OlvSzjx+Ca1WJ/HhjDd/2gUmVXOrvZceRavPcLB7Q=="
      },
      "AWSSDK.Polly": {
        "type": "Transitive",
        "resolved": "3.7.401.37",
        "contentHash": "OHesfDkhC+Qc0Jtze8tKDjeN3/Iu1Fd4cX7QhieCwv61dhpYVGdPYbjARpR7x4rHDGnmlEhdXXDo6vGqgOG7Kw==",
        "dependencies": {
          "AWSSDK.Core": "[3.7.400.48, 4.0.0)"
        }
      },
      "Castle.Core": {
        "type": "Transitive",
        "resolved": "5.1.1",
        "contentHash": "rpYtIczkzGpf+EkZgDr9CClTdemhsrwA/W5hMoPjLkRFnXzH44zDLoovXeKtmxb1ykXK9aJVODSpiJml8CTw2g==",
        "dependencies": {
          "System.Diagnostics.EventLog": "6.0.0"
        }
      },
      "DalamudPackager": {
        "type": "Transitive",
        "resolved": "12.0.0",
        "contentHash": "J5TJLV3f16T/E2H2P17ClWjtfEBPpq3yxvqW46eN36JCm6wR+EaoaYkqG9Rm5sHqs3/nK/vKjWWyvEs/jhKoXw=="
      },
      "Google.Api.CommonProtos": {
        "type": "Transitive",
        "resolved": "2.16.0",
        "contentHash": "37MuZrE9AAqHAdYgFLoTHydAiXDRriQZGVKEg6fr6ASnrY5GtauYXnQrGk5x2K3NmYzEXe+wkpaPVmxjb3NKjg==",
        "dependencies": {
          "Google.Protobuf": "[3.28.2, 4.0.0)"
        }
      },
      "Google.Api.Gax": {
        "type": "Transitive",
        "resolved": "4.9.0",
        "contentHash": "fjHHYcQ99u0ztqwT537rvVtJMdDy6G2VHBZ+F1cBjDGYNVZfrpk40DMQ/OpUGToT9ZGHVirhh3eJ73bw2ANVPQ==",
        "dependencies": {
          "Microsoft.Bcl.AsyncInterfaces": "6.0.0",
          "Newtonsoft.Json": "13.0.3"
        }
      },
      "Google.Api.Gax.Grpc": {
        "type": "Transitive",
        "resolved": "4.9.0",
        "contentHash": "ToCx/0cs+wJ9j7vzKRcPAKneJVZrz/s9JhW9QsFx1dar9WzTxawQZ8xTjyieSy8tY0UiYCL1qYkn/iRrklYnSA==",
        "dependencies": {
          "Google.Api.CommonProtos": "2.16.0",
          "Google.Api.Gax": "4.9.0",
          "Google.Apis.Auth": "1.68.0",
          "Grpc.Auth": "2.66.0",
          "Grpc.Core.Api": "2.66.0",
          "Grpc.Net.Client": "2.66.0",
          "Microsoft.Extensions.DependencyInjection.Abstractions": "6.0.0"
        }
      },
      "Google.Apis": {
        "type": "Transitive",
        "resolved": "1.68.0",
        "contentHash": "s2MymhdpH+ybZNBeZ2J5uFgFHApBp+QXf9FjZSdM1lk/vx5VqIknJwnaWiuAzXxPrLEkesX0Q+UsiWn39yZ9zw==",
        "dependencies": {
          "Google.Apis.Core": "1.68.0"
        }
      },
      "Google.Apis.Auth": {
        "type": "Transitive",
        "resolved": "1.68.0",
        "contentHash": "hFx8Qz5bZ4w0hpnn4tSmZaaFpjAMsgVElZ+ZgVLUZ2r9i+AKcoVgwiNfv1pruNS5cCvpXqhKECbruBCfRezPHA==",
        "dependencies": {
          "Google.Apis": "1.68.0",
          "Google.Apis.Core": "1.68.0",
          "System.Management": "7.0.2"
        }
      },
      "Google.Apis.Core": {
        "type": "Transitive",
        "resolved": "1.68.0",
        "contentHash": "pAqwa6pfu53UXCR2b7A/PAPXeuVg6L1OFw38WckN27NU2+mf+KTjoEg2YGv/f0UyKxzz7DxF1urOTKg/6dTP9g==",
        "dependencies": {
          "Newtonsoft.Json": "13.0.3"
        }
      },
      "Google.Cloud.TextToSpeech.V1": {
        "type": "Transitive",
        "resolved": "3.9.0",
        "contentHash": "JpejhPzzEQ6rdaf0nsjjJwj1CJb8Zs0x+TH27+A17KF2g0NqrgtAbpkUZTiGlQHhOzJSF1lB3amrQhbGjozJ3A==",
        "dependencies": {
          "Google.Api.Gax.Grpc": "[4.9.0, 5.0.0)",
          "Google.LongRunning": "[3.3.0, 4.0.0)"
        }
      },
      "Google.LongRunning": {
        "type": "Transitive",
        "resolved": "3.3.0",
        "contentHash": "F2SZ83Jo466Wj/s1Z7QhIAmWBXxJZQyXZpcx0P8BR7d6s0FAj67vQjeUPESSJcvsy8AqYiYBhkUr2YpZhTQeHg==",
        "dependencies": {
          "Google.Api.Gax.Grpc": "[4.8.0, 5.0.0)"
        }
      },
      "Google.Protobuf": {
        "type": "Transitive",
        "resolved": "3.28.2",
        "contentHash": "Z86ZKAB+v1B/m0LTM+EVamvZlYw/g3VND3/Gs4M/+aDIxa2JE9YPKjDxTpf0gv2sh26hrve3eI03brxBmzn92g=="
      },
      "Grpc.Auth": {
        "type": "Transitive",
        "resolved": "2.66.0",
        "contentHash": "FRQlhMAcHf0GjAXIfhN6RydfZncLLXNNTOtpLL1bt57kp59vu40faW+dr6Vwl7ef/IUFfF38aiB5jvhAA/9Aow==",
        "dependencies": {
          "Google.Apis.Auth": "1.68.0",
          "Grpc.Core.Api": "2.66.0"
        }
      },
      "Grpc.Core.Api": {
        "type": "Transitive",
        "resolved": "2.66.0",
        "contentHash": "HsjsQVAHe4hqP4t4rpUnmq+MZvPdyrlPsWF4T5fbMvyP3o/lMV+KVJfDlaNH8+v0aGQTVT3EsDFufbhaWb52cw=="
      },
      "Grpc.Net.Client": {
        "type": "Transitive",
        "resolved": "2.66.0",
        "contentHash": "GwkSsssXFgN9+M2U+UQWdErf61sn1iqgP+2NRBlDXATcP9vlxda0wySxd/eIL8U522+SnyFNUXlvQ5tAzGk9cA==",
        "dependencies": {
          "Grpc.Net.Common": "2.66.0",
          "Microsoft.Extensions.Logging.Abstractions": "6.0.0"
        }
      },
      "Grpc.Net.Common": {
        "type": "Transitive",
        "resolved": "2.66.0",
        "contentHash": "YJpQpIvpo0HKlsG6SHwaieyji08qfv0DdEDIewCAA0egQY08637sHOj1netLGUhzBEsCqlGC3e92TZ2uqhxnvw==",
        "dependencies": {
          "Grpc.Core.Api": "2.66.0"
        }
      },
      "KokoroSharp": {
        "type": "Transitive",
        "resolved": "0.6.1",
        "contentHash": "omp0G8hyyLmhsLpq7KTg3N6RI5x3e4usigFc/o4GAFauooLzbpvNV/oFHlLu2UKYWDRQuk3dvWBxD1YGR/ZFqg==",
        "dependencies": {
          "Microsoft.ML.OnnxRuntime.Managed": "1.22.0",
          "NAudio": "2.2.1",
          "NumSharp": "0.30.0",
          "OpenTK.Audio.OpenAL": "5.0.0-pre.13",
          "System.Numerics.Tensors": "9.0.5"
        }
      },
      "KokoroSharp.CPU": {
        "type": "Transitive",
        "resolved": "0.6.1",
        "contentHash": "TdXxnhIWTUxPJvZXA3y7Uao+4C5jvBX32BLXUXbM4Z9MnLYn2ZSsCsExfBHqPzaoprPxsAP/2p8BHe2DPRwCsQ==",
        "dependencies": {
          "KokoroSharp": "0.6.1",
          "Microsoft.ML.OnnxRuntime": "1.22.0"
        }
      },
      "LiteDB": {
        "type": "Transitive",
        "resolved": "5.0.20",
        "contentHash": "/tUhRpJvx1sXJni7cbXPpctFHH1vifoJlg/QB+Cw22IYWqzbC3MAMOy/11limMHmZSPk6NU6JRA+lwqLy2f1Xw=="
      },
      "Microsoft.Bcl.AsyncInterfaces": {
        "type": "Transitive",
        "resolved": "6.0.0",
        "contentHash": "UcSjPsst+DfAdJGVDsu346FX0ci0ah+lw3WRtn18NUwEqRt70HaOQ7lI72vy3+1LxtqI3T5GWwV39rQSrCzAeg=="
      },
      "Microsoft.CodeCoverage": {
        "type": "Transitive",
        "resolved": "17.9.0",
        "contentHash": "RGD37ZSrratfScYXm7M0HjvxMxZyWZL4jm+XgMZbkIY1UPgjUpbNA/t+WTGj/rC/0Hm9A3IrH3ywbKZkOCnoZA=="
      },
      "Microsoft.CognitiveServices.Speech": {
        "type": "Transitive",
        "resolved": "1.41.1",
        "contentHash": "0572dYGk4eR2tFQly5t1wGCHzpqX6t6mHozVUPSjoEauI5HC0bT5bYfE+foCpIX4/bZlycMyLfqnsQ2TTuIfuw=="
      },
      "Microsoft.Extensions.DependencyInjection.Abstractions": {
        "type": "Transitive",
        "resolved": "6.0.0",
        "contentHash": "xlzi2IYREJH3/m6+lUrQlujzX8wDitm4QGnUu6kUXTQAWPuZY8i+ticFJbzfqaetLA6KR/rO6Ew/HuYD+bxifg=="
      },
      "Microsoft.Extensions.Logging.Abstractions": {
        "type": "Transitive",
        "resolved": "6.0.0",
        "contentHash": "/HggWBbTwy8TgebGSX5DBZ24ndhzi93sHUBDvP1IxbZD7FDokYzdAr6+vbWGjw2XAfR2EJ1sfKUotpjHnFWPxA=="
      },
      "Microsoft.ML.OnnxRuntime": {
        "type": "Transitive",
        "resolved": "1.22.0",
        "contentHash": "IC5jOaU6YZ7qcLl7JiR2yL6+NznthdCPwW8XgN2XkbvDERRFqMLIVtwfzu2H110fhms59VIyyMOxHXHl2iVzCg==",
        "dependencies": {
          "Microsoft.ML.OnnxRuntime.Managed": "1.22.0"
        }
      },
      "Microsoft.ML.OnnxRuntime.Managed": {
        "type": "Transitive",
        "resolved": "1.22.0",
        "contentHash": "zlG3eY5mJnx1BhYAxRwpuHCGHzl3B+cY5/se0RmlVBw6Yh6QTGjPAXdjhlBIcw6BPFhgMn9lxWPE/U3Fvis+BQ==",
        "dependencies": {
          "System.Numerics.Tensors": "9.0.0"
        }
      },
      "Microsoft.TestPlatform.ObjectModel": {
        "type": "Transitive",
        "resolved": "17.9.0",
        "contentHash": "1ilw/8vgmjLyKU+2SKXKXaOqpYFJCQfGqGz+x0cosl981VzjrY74Sv6qAJv+neZMZ9ZMxF3ArN6kotaQ4uvEBw=="
      },
      "Microsoft.TestPlatform.TestHost": {
        "type": "Transitive",
        "resolved": "17.9.0",
        "contentHash": "Spmg7Wx49Ya3SxBjyeAR+nQpjMTKZwTwpZ7KyeOTIqI/WHNPnBU4HUvl5kuHPQAwGWqMy4FGZja1HvEwvoaDiA==",
        "dependencies": {
          "Microsoft.TestPlatform.ObjectModel": "17.9.0",
          "Newtonsoft.Json": "13.0.1"
        }
      },
      "Microsoft.Win32.SystemEvents": {
        "type": "Transitive",
        "resolved": "9.0.0",
        "contentHash": "z8FfGIaoeALdD+KF44A2uP8PZIQQtDGiXsOLuN8nohbKhkyKt7zGaZb+fKiCxTuBqG22Q7myIAioSWaIcOOrOw=="
      },
      "NAudio": {
        "type": "Transitive",
        "resolved": "2.2.1",
        "contentHash": "c0DzwiyyklM0TP39Y7RObwO3QkWecgM6H60ikiEnsV/aEAJPbj5MFCLaD8BSfKuZe0HGuh9GRGWWlJmSxDc9MA==",
        "dependencies": {
          "NAudio.Asio": "2.2.1",
          "NAudio.Core": "2.2.1",
          "NAudio.Midi": "2.2.1",
          "NAudio.Wasapi": "2.2.1",
          "NAudio.WinMM": "2.2.1"
        }
      },
      "NAudio.Asio": {
        "type": "Transitive",
        "resolved": "2.2.1",
        "contentHash": "hQglyOT5iT3XuGpBP8ZG0+aoqwRfidHjTNehpoWwX0g6KJEgtH2VaqM2nuJ2mheKZa/IBqB4YQTZVvrIapzfOA==",
        "dependencies": {
          "NAudio.Core": "2.2.1"
        }
      },
      "NAudio.Core": {
        "type": "Transitive",
        "resolved": "2.2.1",
        "contentHash": "GgkdP6K/7FqXFo7uHvoqGZTJvW4z8g2IffhOO4JHaLzKCdDOUEzVKtveoZkCuUX8eV2HAINqi7VFqlFndrnz/g=="
      },
      "NAudio.Midi": {
        "type": "Transitive",
        "resolved": "2.2.1",
        "contentHash": "6r23ylGo5aeP02WFXsPquz0T0hFJWyh+7t++tz19tc3Kr38NHm+Z9j+FiAv+xkH8tZqXJqus9Q8p6u7bidIgbw==",
        "dependencies": {
          "NAudio.Core": "2.2.1"
        }
      },
      "NAudio.Wasapi": {
        "type": "Transitive",
        "resolved": "2.2.1",
        "contentHash": "lFfXoqacZZe0WqNChJgGYI+XV/n/61LzPHT3C1CJp4khoxeo2sziyX5wzNYWeCMNbsWxFvT3b3iXeY1UYjBhZw==",
        "dependencies": {
          "NAudio.Core": "2.2.1"
        }
      },
      "NAudio.WinMM": {
        "type": "Transitive",
        "resolved": "2.2.1",
        "contentHash": "xFHRFwH4x6aq3IxRbewvO33ugJRvZFEOfO62i7uQJRUNW2cnu6BeBTHUS0JD5KBucZbHZaYqxQG8dwZ47ezQuQ==",
        "dependencies": {
          "NAudio.Core": "2.2.1"
        }
      },
      "Newtonsoft.Json": {
        "type": "Transitive",
        "resolved": "13.0.3",
        "contentHash": "HrC5BXdl00IP9zeV+0Z848QWPAoCr9P3bDEZguI+gkLcBKAOxix/tLEAAHC+UvDNPv4a2d18lOReHMOagPa+zQ=="
      },
      "NumSharp": {
        "type": "Transitive",
        "resolved": "0.30.0",
        "contentHash": "1f8m2B/m/ZSsICaqLszspCyA9/sTHK7wBKEH5KsxGg/r3QCYTc2HnfYOGMeCytvo8/j0v/umn5umLOLhdExlFA=="
      },
      "OpenTK.Audio.OpenAL": {
        "type": "Transitive",
        "resolved": "5.0.0-pre.13",
        "contentHash": "q+YYwBHlP54/wjlapXRmv8Wy6IiCfoL8nz/+laMKXrlCxIBQ807dh2GowOc5Z6Sllr9I45GRQlqL8xbeniqrIQ==",
        "dependencies": {
          "OpenTK.Core": "[5.0.0-pre.13, 6.0.0-pre)",
          "OpenTK.Mathematics": "[5.0.0-pre.13, 6.0.0-pre)"
        }
      },
      "OpenTK.Core": {
        "type": "Transitive",
        "resolved": "5.0.0-pre.13",
        "contentHash": "NohlYrmuR/H8dMMFzTEdTD7GgWa+mLpXzgnVa1Wixp8tzojdoalO+HYW/ixG1lzzYyBSMoENrZyRgt6njZxnkw=="
      },
      "OpenTK.Mathematics": {
        "type": "Transitive",
        "resolved": "5.0.0-pre.13",
        "contentHash": "65qbZS49AfrTM6jtZ2RDTWAzLe13ywCXIiSP5QrAJLmZT6sQqHGd1LfFXLhx8Ccp77qy7qh/LHsxpUOlkgZTCg=="
      },
      "R3": {
        "type": "Transitive",
        "resolved": "1.2.9",
        "contentHash": "dKMFt90XW+n7JK2P40dx9uuLg57Pcj4cA/9n1NwdKWFcMAM6j49OU8h9EborpVe4KXI+2MV/EjKc1LG7fhQJUA=="
      },
      "Standart.Hash.xxHash": {
        "type": "Transitive",
        "resolved": "4.0.5",
        "contentHash": "2QC9zDPFT/SOnP7iFdK3AwakEcJ7D3zDoU7IwIAOyEhY4WQ2GQBvLqZ29/R1BSujPNtGHMITmVW1d+VjvLg6lg=="
      },
      "System.CodeDom": {
        "type": "Transitive",
        "resolved": "7.0.0",
        "contentHash": "GLltyqEsE5/3IE+zYRP5sNa1l44qKl9v+bfdMcwg+M9qnQf47wK3H0SUR/T+3N4JEQXF3vV4CSuuo0rsg+nq2A=="
      },
      "System.Diagnostics.EventLog": {
        "type": "Transitive",
        "resolved": "6.0.0",
        "contentHash": "lcyUiXTsETK2ALsZrX+nWuHSIQeazhqPphLfaRxzdGaG93+0kELqpgEHtwWOlQe7+jSFnKwaCAgL4kjeZCQJnw=="
      },
      "System.Drawing.Common": {
        "type": "Transitive",
        "resolved": "9.0.0",
        "contentHash": "uoozjI3+dlgKh2onFJcz8aNLh6TRCPlLSh8Dbuljc8CdvqXrxHOVysJlrHvlsOCqceqGBR1wrMPxlnzzhynktw==",
        "dependencies": {
          "Microsoft.Win32.SystemEvents": "9.0.0"
        }
      },
      "System.Management": {
        "type": "Transitive",
        "resolved": "7.0.2",
        "contentHash": "/qEUN91mP/MUQmJnM5y5BdT7ZoPuVrtxnFlbJ8a3kBJGhe2wCzBfnPFtK2wTtEEcf3DMGR9J00GZZfg6HRI6yA==",
        "dependencies": {
          "System.CodeDom": "7.0.0"
        }
      },
      "System.Numerics.Tensors": {
        "type": "Transitive",
        "resolved": "9.0.5",
        "contentHash": "hS5G2PmTFHt534LfQB1WIKALMHrZu2rNdzzRr1UfDBSpFcJrKBL38ShOr/yy5s11GFzZKyLp55jdLN5LRA5t2A=="
      },
      "System.Speech": {
        "type": "Transitive",
        "resolved": "9.0.0",
        "contentHash": "z8mvEVBfWSi0692vPOra8MougSEJCDzlaLj4g0aA87XDZpJoJD3BJTcJ0MuFbbN1fOT9Cr2ZFqXhZc+zzX0Gwg=="
      },
      "xunit.abstractions": {
        "type": "Transitive",
        "resolved": "2.0.3",
        "contentHash": "pot1I4YOxlWjIb5jmwvvQNbTrZ3lJQ+jUGkGjWE3hEFM0l5gOnBWS+H3qsex68s5cO52g+44vpGzhAt+42vwKg=="
      },
      "xunit.analyzers": {
        "type": "Transitive",
        "resolved": "1.11.0",
        "contentHash": "SCv+Ihxv+fCqotGeM8sVwLhw8nzAJ2aFRN5lcoKn9QtGdbVJ79JqDc+4u8/Ddnp2udxtmv+xYFWkHNlb/sk01w=="
      },
      "xunit.assert": {
        "type": "Transitive",
        "resolved": "2.7.0",
        "contentHash": "CCTs3bUhmIS4tDwK6Cn/IiabG3RhYzdf65eIkO7u9/grKoN9MrN780LzVED3E8v+vwmmj7b5TW3/GFuZHPAzWA=="
      },
      "xunit.core": {
        "type": "Transitive",
        "resolved": "2.7.0",
        "contentHash": "98tzqYAbtc/p/2Ba455XTNbD12Qoo8kPehjC4oDT46CAsLli5JOCU9hFF2MV3HHWMw/Y3yFUV2Vcukplbs6kuA==",
        "dependencies": {
          "xunit.extensibility.core": "[2.7.0]",
          "xunit.extensibility.execution": "[2.7.0]"
        }
      },
      "xunit.extensibility.core": {
        "type": "Transitive",
        "resolved": "2.7.0",
        "contentHash": "JLnx4PI0vn1Xr1Ust6ydrp2t/ktm2dyGPAVoDJV5gQuvBMSbd2K7WGzODa2ttiz030CeQ8nbsXl05+cvf7QNyA==",
        "dependencies": {
          "xunit.abstractions": "2.0.3"
        }
      },
      "xunit.extensibility.execution": {
        "type": "Transitive",
        "resolved": "2.7.0",
        "contentHash": "bjY+crT1jOyxKagFjCMdEVzoenO2v66ru8+CK/0UaXvyG4U9Q3UTieJkbQXbi7/1yZIK1sGh01l5/jh2CwLJtQ==",
        "dependencies": {
          "xunit.extensibility.core": "[2.7.0]"
        }
      },
      "YamlDotNet": {
        "type": "Transitive",
        "resolved": "15.3.0",
        "contentHash": "F93japYa9YrJ59AZGhgdaUGHN7ITJ55FBBg/D/8C0BDgahv/rQD6MOSwHxOJJpon1kYyslVbeBrQ2wcJhox01w=="
      },
      "texttotalk": {
        "type": "Project",
        "dependencies": {
          "AWSSDK.Polly": "[3.7.401.37, )",
          "AdysTech.CredentialManager": "[2.6.0, )",
          "DalamudPackager": "[12.0.0, )",
          "Google.Cloud.TextToSpeech.V1": "[3.9.0, )",
          "KokoroSharp.CPU": "[0.6.1, )",
          "Microsoft.CognitiveServices.Speech": "[1.41.1, )",
          "NAudio": "[2.2.1, )",
          "R3": "[1.2.9, )",
          "Standart.Hash.xxHash": "[4.0.5, )",
          "System.Drawing.Common": "[9.0.0, )",
          "System.Speech": "[9.0.0, )",
          "TextToTalk.Data": "[1.0.0, )",
          "TextToTalk.Lexicons": "[1.0.0, )",
          "TextToTalk.Lexicons.Updater": "[1.0.0, )",
          "TextToTalk.UI.Core": "[1.0.0, )",
          "TextToTalk.UngenderedOverrides": "[1.0.0, )",
          "VoiceUnlocker": "[1.0.0, )",
          "websocket-sharp": "[1.0.0, )"
        }
      },
      "texttotalk.data": {
        "type": "Project",
        "dependencies": {
          "LiteDB": "[5.0.20, )"
        }
      },
      "texttotalk.lexicons": {
        "type": "Project"
      },
      "texttotalk.lexicons.updater": {
        "type": "Project",
        "dependencies": {
          "YamlDotNet": "[15.3.0, )"
        }
      },
      "texttotalk.ui.core": {
        "type": "Project"
      },
      "texttotalk.ungenderedoverrides": {
        "type": "Project"
      },
      "voiceunlocker": {
        "type": "Project"
      },
      "websocket-sharp": {
        "type": "Project"
      }
    }
  }
}