{
  "version": 1,
  "dependencies": {
    "net7.0-windows7.0": {
      "AdysTech.CredentialManager": {
        "type": "Direct",
        "requested": "[2.6.0, )",
        "resolved": "2.6.0",
        "contentHash": "3R3DB9ezOHC39upAwdrTEnju18k6lQ/BNmxjlLJhDPiE/09cWOeg9u1s8K1a85CGikn77KrASB+C0Vf2m+JNIA=="
      },
      "AWSSDK.Core": {
        "type": "Direct",
        "requested": "[3.7.105.1, )",
        "resolved": "3.7.105.1",
        "contentHash": "r1SPXBG6G1vWWuor8FohTR0XewxE1M/vrlA3sfrrMR61dWAsV8MdDq6KWnI201SfY/nvXFCo+7ZlsW5oqACQmA=="
      },
      "AWSSDK.Polly": {
        "type": "Direct",
        "requested": "[3.7.106, )",
        "resolved": "3.7.106",
        "contentHash": "L+fV+OPC3dHrnKfYv0gwU2WUnDwNFPGDQQrYEQaevNpDazE5F9rpjUr4yxLNs2msOAofuwXY1jj6nz6UB7LUSQ==",
        "dependencies": {
          "AWSSDK.Core": "[3.7.105.1, 4.0.0)"
        }
      },
      "DalamudPackager": {
        "type": "Direct",
        "requested": "[2.1.10, )",
        "resolved": "2.1.10",
        "contentHash": "S6NrvvOnLgT4GDdgwuKVJjbFo+8ZEj+JsEYk9ojjOR/MMfv1dIFpT8aRJQfI24rtDcw1uF+GnSSMN4WW1yt7fw=="
      },
      "log4net": {
        "type": "Direct",
        "requested": "[2.0.15, )",
        "resolved": "2.0.15",
        "contentHash": "GahnO9ZgFka+xYcFwAfIFjW+k86P2nxFoaEpH6t3v4hiGj7tv2ksVZphxCVIHmJxoySS0HeU3dgCW+bSCcfD0A==",
        "dependencies": {
          "System.Configuration.ConfigurationManager": "4.5.0"
        }
      },
      "Microsoft.CognitiveServices.Speech": {
        "type": "Direct",
        "requested": "[1.25.0, )",
        "resolved": "1.25.0",
        "contentHash": "d+65nUUDTQ/JHB8F3qaAAvV9pbvkAcdRIUmBdv/c4ScpmLqDZRFBrcs5Agae3nBefI1U41NZ0AA95sEASeM8GA=="
      },
      "NAudio": {
        "type": "Direct",
        "requested": "[2.1.0, )",
        "resolved": "2.1.0",
        "contentHash": "iamDtIq4Tcq6BDEMatX7Wj6KI7rscECS72ZejjnL9RK8BgfrVRH2RlhlQVNxXNp9Up1eFESEiCILNBo7//Rr0g==",
        "dependencies": {
          "NAudio.Asio": "2.1.0",
          "NAudio.Core": "2.1.0",
          "NAudio.Midi": "2.1.0",
          "NAudio.Wasapi": "2.1.0",
          "NAudio.WinForms": "2.1.0",
          "NAudio.WinMM": "2.1.0"
        }
      },
      "Standart.Hash.xxHash": {
        "type": "Direct",
        "requested": "[4.0.5, )",
        "resolved": "4.0.5",
        "contentHash": "2QC9zDPFT/SOnP7iFdK3AwakEcJ7D3zDoU7IwIAOyEhY4WQ2GQBvLqZ29/R1BSujPNtGHMITmVW1d+VjvLg6lg=="
      },
      "System.Drawing.Common": {
        "type": "Direct",
        "requested": "[7.0.0, )",
        "resolved": "7.0.0",
        "contentHash": "KIX+oBU38pxkKPxvLcLfIkOV5Ien8ReN78wro7OF5/erwcmortzeFx+iBswlh2Vz6gVne0khocQudGwaO1Ey6A==",
        "dependencies": {
          "Microsoft.Win32.SystemEvents": "7.0.0"
        }
      },
      "System.Speech": {
        "type": "Direct",
        "requested": "[7.0.0, )",
        "resolved": "7.0.0",
        "contentHash": "7E0uB92Cx2sXR67HW9rMKJqDACdLuz9t3I3OwZUFDzAgwKXWuY6CYeRT/NiypHcyZO2be9+0H0w0M6fn7HQtgQ=="
      },
      "Microsoft.NETCore.Platforms": {
        "type": "Transitive",
        "resolved": "3.1.0",
        "contentHash": "z7aeg8oHln2CuNulfhiLYxCVMPEwBl3rzicjvIX+4sUuCwvXw5oXQEtbiU2c0z4qYL5L3Kmx0mMA/+t/SbY67w=="
      },
      "Microsoft.Win32.Registry": {
        "type": "Transitive",
        "resolved": "4.7.0",
        "contentHash": "KSrRMb5vNi0CWSGG1++id2ZOs/1QhRqROt+qgbEAdQuGjGrFcl4AOl4/exGPUYz2wUnU42nvJqon1T3U0kPXLA==",
        "dependencies": {
          "System.Security.AccessControl": "4.7.0",
          "System.Security.Principal.Windows": "4.7.0"
        }
      },
      "Microsoft.Win32.SystemEvents": {
        "type": "Transitive",
        "resolved": "7.0.0",
        "contentHash": "2nXPrhdAyAzir0gLl8Yy8S5Mnm/uBSQQA7jEsILOS1MTyS7DbmV1NgViMtvV1sfCD1ebITpNwb1NIinKeJgUVQ=="
      },
      "NAudio.Asio": {
        "type": "Transitive",
        "resolved": "2.1.0",
        "contentHash": "YMXffgqPTsQIjmXYyzLrXSpQZzC7ZH49mmdXaPW3o/5S+AhFKZeOrwUA2fkvphQdGhryObbZnPAq+u8uABkH5A==",
        "dependencies": {
          "Microsoft.Win32.Registry": "4.7.0",
          "NAudio.Core": "2.1.0"
        }
      },
      "NAudio.Core": {
        "type": "Transitive",
        "resolved": "2.1.0",
        "contentHash": "0iowfmolibU4KxjaC/s7lox/BeDg76UVvXtCuCzRiNpylVndqsxXxp+bVWFrpv0KzQDIKLxZrnDmYENlAI0u9g=="
      },
      "NAudio.Midi": {
        "type": "Transitive",
        "resolved": "2.1.0",
        "contentHash": "m2ZunnyZ1p7OoAMh1scHRVle+GiFuIRrzkcxZJREUFHje8O2hcMGya3ZAjD+dV2FTcrbqNQUc4kJy9LOTuydUw==",
        "dependencies": {
          "NAudio.Core": "2.1.0"
        }
      },
      "NAudio.Wasapi": {
        "type": "Transitive",
        "resolved": "2.1.0",
        "contentHash": "Zp/8l79aYQEu7/HfzXWVpqyIwRUPgsvCj/Qx+pR6ykJxvwjqOoUfMiEG9US1wW4d7PEzT5ZBIL+cp90t6HNNiw==",
        "dependencies": {
          "NAudio.Core": "2.1.0"
        }
      },
      "NAudio.WinForms": {
        "type": "Transitive",
        "resolved": "2.1.0",
        "contentHash": "yoGCLidMVQmg66dNuEYusY1bttZJ5gxvufxRYFgxIw444dw4C70YsDgLeDugPd0rdwkSCQq5CtrVw6DSmxTxPA==",
        "dependencies": {
          "NAudio.WinMM": "2.1.0"
        }
      },
      "NAudio.WinMM": {
        "type": "Transitive",
        "resolved": "2.1.0",
        "contentHash": "lUU5C+XNzKhFUIEafA/nJpbtjksFtbUd033fs27KeHlOM0r6rQFF3l75dqxg+rWkGu81MfkBbYrNpH9p8qmtBA==",
        "dependencies": {
          "Microsoft.Win32.Registry": "4.7.0",
          "NAudio.Core": "2.1.0"
        }
      },
      "System.Configuration.ConfigurationManager": {
        "type": "Transitive",
        "resolved": "4.5.0",
        "contentHash": "UIFvaFfuKhLr9u5tWMxmVoDPkFeD+Qv8gUuap4aZgVGYSYMdERck4OhLN/2gulAc0nYTEigWXSJNNWshrmxnng==",
        "dependencies": {
          "System.Security.Cryptography.ProtectedData": "4.5.0",
          "System.Security.Permissions": "4.5.0"
        }
      },
      "System.Security.AccessControl": {
        "type": "Transitive",
        "resolved": "4.7.0",
        "contentHash": "JECvTt5aFF3WT3gHpfofL2MNNP6v84sxtXxpqhLBCcDRzqsPBmHhQ6shv4DwwN2tRlzsUxtb3G9M3763rbXKDg==",
        "dependencies": {
          "Microsoft.NETCore.Platforms": "3.1.0",
          "System.Security.Principal.Windows": "4.7.0"
        }
      },
      "System.Security.Cryptography.ProtectedData": {
        "type": "Transitive",
        "resolved": "4.5.0",
        "contentHash": "wLBKzFnDCxP12VL9ANydSYhk59fC4cvOr9ypYQLPnAj48NQIhqnjdD2yhP8yEKyBJEjERWS9DisKL7rX5eU25Q=="
      },
      "System.Security.Permissions": {
        "type": "Transitive",
        "resolved": "4.5.0",
        "contentHash": "9gdyuARhUR7H+p5CjyUB/zPk7/Xut3wUSP8NJQB6iZr8L3XUXTMdoLeVAg9N4rqF8oIpE7MpdqHdDHQ7XgJe0g==",
        "dependencies": {
          "System.Security.AccessControl": "4.5.0"
        }
      },
      "System.Security.Principal.Windows": {
        "type": "Transitive",
        "resolved": "4.7.0",
        "contentHash": "ojD0PX0XhneCsUbAZVKdb7h/70vyYMDYs85lwEI+LngEONe/17A0cFaRFqZU+sOEidcVswYWikYOQ9PPfjlbtQ=="
      },
      "YamlDotNet": {
        "type": "Transitive",
        "resolved": "12.0.2",
        "contentHash": "IFj2oDZYJIv5sM8mqaj5edVrpgUyoXk/wCGqZQJrgys/0tBajajpjRSgFM+iA/9ILOfTsPYKtcDcwvqBnBcNIg=="
      },
      "texttotalk.lexicons": {
        "type": "Project"
      },
      "texttotalk.lexicons.updater": {
        "type": "Project",
        "dependencies": {
          "YamlDotNet": "[12.0.2, )"
        }
      },
      "texttotalk.ungenderedoverrides": {
        "type": "Project"
      },
      "voiceunlocker": {
        "type": "Project"
      },
      "websocket-sharp": {
        "type": "Project"
      }
    },
    "net7.0-windows7.0/win-x64": {
      "Microsoft.CognitiveServices.Speech": {
        "type": "Direct",
        "requested": "[1.25.0, )",
        "resolved": "1.25.0",
        "contentHash": "d+65nUUDTQ/JHB8F3qaAAvV9pbvkAcdRIUmBdv/c4ScpmLqDZRFBrcs5Agae3nBefI1U41NZ0AA95sEASeM8GA=="
      },
      "System.Drawing.Common": {
        "type": "Direct",
        "requested": "[7.0.0, )",
        "resolved": "7.0.0",
        "contentHash": "KIX+oBU38pxkKPxvLcLfIkOV5Ien8ReN78wro7OF5/erwcmortzeFx+iBswlh2Vz6gVne0khocQudGwaO1Ey6A==",
        "dependencies": {
          "Microsoft.Win32.SystemEvents": "7.0.0"
        }
      },
      "System.Speech": {
        "type": "Direct",
        "requested": "[7.0.0, )",
        "resolved": "7.0.0",
        "contentHash": "7E0uB92Cx2sXR67HW9rMKJqDACdLuz9t3I3OwZUFDzAgwKXWuY6CYeRT/NiypHcyZO2be9+0H0w0M6fn7HQtgQ=="
      },
      "Microsoft.Win32.Registry": {
        "type": "Transitive",
        "resolved": "4.7.0",
        "contentHash": "KSrRMb5vNi0CWSGG1++id2ZOs/1QhRqROt+qgbEAdQuGjGrFcl4AOl4/exGPUYz2wUnU42nvJqon1T3U0kPXLA==",
        "dependencies": {
          "System.Security.AccessControl": "4.7.0",
          "System.Security.Principal.Windows": "4.7.0"
        }
      },
      "Microsoft.Win32.SystemEvents": {
        "type": "Transitive",
        "resolved": "7.0.0",
        "contentHash": "2nXPrhdAyAzir0gLl8Yy8S5Mnm/uBSQQA7jEsILOS1MTyS7DbmV1NgViMtvV1sfCD1ebITpNwb1NIinKeJgUVQ=="
      },
      "System.Security.AccessControl": {
        "type": "Transitive",
        "resolved": "4.7.0",
        "contentHash": "JECvTt5aFF3WT3gHpfofL2MNNP6v84sxtXxpqhLBCcDRzqsPBmHhQ6shv4DwwN2tRlzsUxtb3G9M3763rbXKDg==",
        "dependencies": {
          "Microsoft.NETCore.Platforms": "3.1.0",
          "System.Security.Principal.Windows": "4.7.0"
        }
      },
      "System.Security.Cryptography.ProtectedData": {
        "type": "Transitive",
        "resolved": "4.5.0",
        "contentHash": "wLBKzFnDCxP12VL9ANydSYhk59fC4cvOr9ypYQLPnAj48NQIhqnjdD2yhP8yEKyBJEjERWS9DisKL7rX5eU25Q=="
      },
      "System.Security.Principal.Windows": {
        "type": "Transitive",
        "resolved": "4.7.0",
        "contentHash": "ojD0PX0XhneCsUbAZVKdb7h/70vyYMDYs85lwEI+LngEONe/17A0cFaRFqZU+sOEidcVswYWikYOQ9PPfjlbtQ=="
      }
    }
  }
}