{
  "version": 1,
  "dependencies": {
    "net10.0": {
      "AdysTech.CredentialManager": {
        "type": "Direct",
        "requested": "[2.6.0, )",
        "resolved": "2.6.0",
        "contentHash": "3R3DB9ezOHC39upAwdrTEnju18k6lQ/BNmxjlLJhDPiE/09cWOeg9u1s8K1a85CGikn77KrASB+C0Vf2m+JNIA=="
      },
      "AWSSDK.Polly": {
        "type": "Direct",
        "requested": "[3.7.401.37, )",
        "resolved": "3.7.401.37",
        "contentHash": "OHesfDkhC+Qc0Jtze8tKDjeN3/Iu1Fd4cX7QhieCwv61dhpYVGdPYbjARpR7x4rHDGnmlEhdXXDo6vGqgOG7Kw==",
        "dependencies": {
          "AWSSDK.Core": "[3.7.400.48, 4.0.0)"
        }
      },
      "DalamudPackager": {
        "type": "Direct",
        "requested": "[14.0.1, )",
        "resolved": "14.0.1",
        "contentHash": "y0WWyUE6dhpGdolK3iKgwys05/nZaVf4ZPtIjpLhJBZvHxkkiE23zYRo7K7uqAgoK/QvK5cqF6l3VG5AbgC6KA=="
      },
      "DotNet.ReproducibleBuilds": {
        "type": "Direct",
        "requested": "[1.2.39, )",
        "resolved": "1.2.39",
        "contentHash": "fcFN01tDTIQqDuTwr1jUQK/geofiwjG5DycJQOnC72i1SsLAk1ELe+apBOuZ11UMQG8YKFZG1FgvjZPbqHyatg=="
      },
      "Google.Cloud.TextToSpeech.V1": {
        "type": "Direct",
        "requested": "[3.9.0, )",
        "resolved": "3.9.0",
        "contentHash": "JpejhPzzEQ6rdaf0nsjjJwj1CJb8Zs0x+TH27+A17KF2g0NqrgtAbpkUZTiGlQHhOzJSF1lB3amrQhbGjozJ3A==",
        "dependencies": {
          "Google.Api.Gax.Grpc": "[4.9.0, 5.0.0)",
          "Google.LongRunning": "[3.3.0, 4.0.0)"
        }
      },
      "KokoroSharp.CPU": {
        "type": "Direct",
        "requested": "[0.6.1, )",
        "resolved": "0.6.1",
        "contentHash": "TdXxnhIWTUxPJvZXA3y7Uao+4C5jvBX32BLXUXbM4Z9MnLYn2ZSsCsExfBHqPzaoprPxsAP/2p8BHe2DPRwCsQ==",
        "dependencies": {
          "KokoroSharp": "0.6.1",
          "Microsoft.ML.OnnxRuntime": "1.22.0"
        }
      },
      "Microsoft.CognitiveServices.Speech": {
        "type": "Direct",
        "requested": "[1.41.1, )",
        "resolved": "1.41.1",
        "contentHash": "0572dYGk4eR2tFQly5t1wGCHzpqX6t6mHozVUPSjoEauI5HC0bT5bYfE+foCpIX4/bZlycMyLfqnsQ2TTuIfuw=="
      },
      "Microsoft.Win32.Registry": {
        "type": "Direct",
        "requested": "[4.3.0, )",
        "resolved": "4.3.0",
        "contentHash": "Lw1/VwLH1yxz6SfFEjVRCN0pnflLEsWgnV4qsdJ512/HhTwnKXUG+zDQ4yTO3K/EJQemGoNaBHX5InISNKTzUQ==",
        "dependencies": {
          "Microsoft.NETCore.Platforms": "1.1.0"
        }
      },
      "NAudio": {
        "type": "Direct",
        "requested": "[2.2.1, )",
        "resolved": "2.2.1",
        "contentHash": "c0DzwiyyklM0TP39Y7RObwO3QkWecgM6H60ikiEnsV/aEAJPbj5MFCLaD8BSfKuZe0HGuh9GRGWWlJmSxDc9MA==",
        "dependencies": {
          "NAudio.Asio": "2.2.1",
          "NAudio.Core": "2.2.1",
          "NAudio.Midi": "2.2.1",
          "NAudio.Wasapi": "2.2.1",
          "NAudio.WinMM": "2.2.1"
        }
      },
      "R3": {
        "type": "Direct",
        "requested": "[1.2.9, )",
        "resolved": "1.2.9",
        "contentHash": "dKMFt90XW+n7JK2P40dx9uuLg57Pcj4cA/9n1NwdKWFcMAM6j49OU8h9EborpVe4KXI+2MV/EjKc1LG7fhQJUA=="
      },
      "Riok.Mapperly": {
        "type": "Direct",
        "requested": "[4.1.0, )",
        "resolved": "4.1.0",
        "contentHash": "Px/qQh977qubJhuVXp+uQrZ0DU/X7HimKnXnvW3BISsM/6CwpxxgVe853MVvdvF5zbogP314s44qXiGNghtVgQ=="
      },
      "Standart.Hash.xxHash": {
        "type": "Direct",
        "requested": "[4.0.5, )",
        "resolved": "4.0.5",
        "contentHash": "2QC9zDPFT/SOnP7iFdK3AwakEcJ7D3zDoU7IwIAOyEhY4WQ2GQBvLqZ29/R1BSujPNtGHMITmVW1d+VjvLg6lg=="
      },
      "System.Diagnostics.DiagnosticSource": {
        "type": "Direct",
        "requested": "[4.3.0, )",
        "resolved": "4.3.0",
        "contentHash": "tD6kosZnTAGdrEa0tZSuFyunMbt/5KYDnHdndJYGqZoNy00XVXyACd5d6KnE1YgYv3ne2CjtAfNXo/fwEhnKUA=="
      },
      "System.Drawing.Common": {
        "type": "Direct",
        "requested": "[9.0.0, )",
        "resolved": "9.0.0",
        "contentHash": "uoozjI3+dlgKh2onFJcz8aNLh6TRCPlLSh8Dbuljc8CdvqXrxHOVysJlrHvlsOCqceqGBR1wrMPxlnzzhynktw==",
        "dependencies": {
          "Microsoft.Win32.SystemEvents": "9.0.0"
        }
      },
      "System.Memory": {
        "type": "Direct",
        "requested": "[4.5.5, )",
        "resolved": "4.5.5",
        "contentHash": "XIWiDvKPXaTveaB7HVganDlOCRoj03l+jrwNvcge/t8vhGYKvqV+dMv6G4SAX2NoNmN0wZfVPTAlFwZcZvVOUw=="
      },
      "System.Runtime.CompilerServices.Unsafe": {
        "type": "Direct",
        "requested": "[6.0.0, )",
        "resolved": "6.0.0",
        "contentHash": "/iUeP3tq1S0XdNNoMz5C9twLSrM/TH+qElHkXWaPvuNOt+99G75NrV0OS2EqHx5wMN7popYjpc8oTjC1y16DLg=="
      },
      "System.Speech": {
        "type": "Direct",
        "requested": "[9.0.0, )",
        "resolved": "9.0.0",
        "contentHash": "z8mvEVBfWSi0692vPOra8MougSEJCDzlaLj4g0aA87XDZpJoJD3BJTcJ0MuFbbN1fOT9Cr2ZFqXhZc+zzX0Gwg=="
      },
      "AWSSDK.Core": {
        "type": "Transitive",
        "resolved": "3.7.400.48",
        "contentHash": "YNGrlZNJh1VY8zLEQxo8BVq+QDXwLhCKcqcUd3jqzumT/OlvSzjx+Ca1WJ/HhjDd/2gUmVXOrvZceRavPcLB7Q=="
      },
      "Google.Api.CommonProtos": {
        "type": "Transitive",
        "resolved": "2.16.0",
        "contentHash": "37MuZrE9AAqHAdYgFLoTHydAiXDRriQZGVKEg6fr6ASnrY5GtauYXnQrGk5x2K3NmYzEXe+wkpaPVmxjb3NKjg==",
        "dependencies": {
          "Google.Protobuf": "[3.28.2, 4.0.0)"
        }
      },
      "Google.Api.Gax": {
        "type": "Transitive",
        "resolved": "4.9.0",
        "contentHash": "fjHHYcQ99u0ztqwT537rvVtJMdDy6G2VHBZ+F1cBjDGYNVZfrpk40DMQ/OpUGToT9ZGHVirhh3eJ73bw2ANVPQ==",
        "dependencies": {
          "Microsoft.Bcl.AsyncInterfaces": "6.0.0",
          "Newtonsoft.Json": "13.0.3"
        }
      },
      "Google.Api.Gax.Grpc": {
        "type": "Transitive",
        "resolved": "4.9.0",
        "contentHash": "ToCx/0cs+wJ9j7vzKRcPAKneJVZrz/s9JhW9QsFx1dar9WzTxawQZ8xTjyieSy8tY0UiYCL1qYkn/iRrklYnSA==",
        "dependencies": {
          "Google.Api.CommonProtos": "2.16.0",
          "Google.Api.Gax": "4.9.0",
          "Google.Apis.Auth": "1.68.0",
          "Grpc.Auth": "2.66.0",
          "Grpc.Core.Api": "2.66.0",
          "Grpc.Net.Client": "2.66.0",
          "Microsoft.Extensions.DependencyInjection.Abstractions": "6.0.0"
        }
      },
      "Google.Apis": {
        "type": "Transitive",
        "resolved": "1.68.0",
        "contentHash": "s2MymhdpH+ybZNBeZ2J5uFgFHApBp+QXf9FjZSdM1lk/vx5VqIknJwnaWiuAzXxPrLEkesX0Q+UsiWn39yZ9zw==",
        "dependencies": {
          "Google.Apis.Core": "1.68.0"
        }
      },
      "Google.Apis.Auth": {
        "type": "Transitive",
        "resolved": "1.68.0",
        "contentHash": "hFx8Qz5bZ4w0hpnn4tSmZaaFpjAMsgVElZ+ZgVLUZ2r9i+AKcoVgwiNfv1pruNS5cCvpXqhKECbruBCfRezPHA==",
        "dependencies": {
          "Google.Apis": "1.68.0",
          "Google.Apis.Core": "1.68.0",
          "System.Management": "7.0.2"
        }
      },
      "Google.Apis.Core": {
        "type": "Transitive",
        "resolved": "1.68.0",
        "contentHash": "pAqwa6pfu53UXCR2b7A/PAPXeuVg6L1OFw38WckN27NU2+mf+KTjoEg2YGv/f0UyKxzz7DxF1urOTKg/6dTP9g==",
        "dependencies": {
          "Newtonsoft.Json": "13.0.3"
        }
      },
      "Google.LongRunning": {
        "type": "Transitive",
        "resolved": "3.3.0",
        "contentHash": "F2SZ83Jo466Wj/s1Z7QhIAmWBXxJZQyXZpcx0P8BR7d6s0FAj67vQjeUPESSJcvsy8AqYiYBhkUr2YpZhTQeHg==",
        "dependencies": {
          "Google.Api.Gax.Grpc": "[4.8.0, 5.0.0)"
        }
      },
      "Google.Protobuf": {
        "type": "Transitive",
        "resolved": "3.28.2",
        "contentHash": "Z86ZKAB+v1B/m0LTM+EVamvZlYw/g3VND3/Gs4M/+aDIxa2JE9YPKjDxTpf0gv2sh26hrve3eI03brxBmzn92g=="
      },
      "Grpc.Auth": {
        "type": "Transitive",
        "resolved": "2.66.0",
        "contentHash": "FRQlhMAcHf0GjAXIfhN6RydfZncLLXNNTOtpLL1bt57kp59vu40faW+dr6Vwl7ef/IUFfF38aiB5jvhAA/9Aow==",
        "dependencies": {
          "Google.Apis.Auth": "1.68.0",
          "Grpc.Core.Api": "2.66.0"
        }
      },
      "Grpc.Core.Api": {
        "type": "Transitive",
        "resolved": "2.66.0",
        "contentHash": "HsjsQVAHe4hqP4t4rpUnmq+MZvPdyrlPsWF4T5fbMvyP3o/lMV+KVJfDlaNH8+v0aGQTVT3EsDFufbhaWb52cw=="
      },
      "Grpc.Net.Client": {
        "type": "Transitive",
        "resolved": "2.66.0",
        "contentHash": "GwkSsssXFgN9+M2U+UQWdErf61sn1iqgP+2NRBlDXATcP9vlxda0wySxd/eIL8U522+SnyFNUXlvQ5tAzGk9cA==",
        "dependencies": {
          "Grpc.Net.Common": "2.66.0",
          "Microsoft.Extensions.Logging.Abstractions": "6.0.0"
        }
      },
      "Grpc.Net.Common": {
        "type": "Transitive",
        "resolved": "2.66.0",
        "contentHash": "YJpQpIvpo0HKlsG6SHwaieyji08qfv0DdEDIewCAA0egQY08637sHOj1netLGUhzBEsCqlGC3e92TZ2uqhxnvw==",
        "dependencies": {
          "Grpc.Core.Api": "2.66.0"
        }
      },
      "KokoroSharp": {
        "type": "Transitive",
        "resolved": "0.6.1",
        "contentHash": "omp0G8hyyLmhsLpq7KTg3N6RI5x3e4usigFc/o4GAFauooLzbpvNV/oFHlLu2UKYWDRQuk3dvWBxD1YGR/ZFqg==",
        "dependencies": {
          "Microsoft.ML.OnnxRuntime.Managed": "1.22.0",
          "NAudio": "2.2.1",
          "NumSharp": "0.30.0",
          "OpenTK.Audio.OpenAL": "5.0.0-pre.13",
          "System.Numerics.Tensors": "9.0.5"
        }
      },
      "LiteDB": {
        "type": "Transitive",
        "resolved": "5.0.20",
        "contentHash": "/tUhRpJvx1sXJni7cbXPpctFHH1vifoJlg/QB+Cw22IYWqzbC3MAMOy/11limMHmZSPk6NU6JRA+lwqLy2f1Xw=="
      },
      "Microsoft.Bcl.AsyncInterfaces": {
        "type": "Transitive",
        "resolved": "6.0.0",
        "contentHash": "UcSjPsst+DfAdJGVDsu346FX0ci0ah+lw3WRtn18NUwEqRt70HaOQ7lI72vy3+1LxtqI3T5GWwV39rQSrCzAeg=="
      },
      "Microsoft.Extensions.DependencyInjection.Abstractions": {
        "type": "Transitive",
        "resolved": "6.0.0",
        "contentHash": "xlzi2IYREJH3/m6+lUrQlujzX8wDitm4QGnUu6kUXTQAWPuZY8i+ticFJbzfqaetLA6KR/rO6Ew/HuYD+bxifg=="
      },
      "Microsoft.Extensions.Logging.Abstractions": {
        "type": "Transitive",
        "resolved": "6.0.0",
        "contentHash": "/HggWBbTwy8TgebGSX5DBZ24ndhzi93sHUBDvP1IxbZD7FDokYzdAr6+vbWGjw2XAfR2EJ1sfKUotpjHnFWPxA=="
      },
      "Microsoft.ML.OnnxRuntime": {
        "type": "Transitive",
        "resolved": "1.22.0",
        "contentHash": "IC5jOaU6YZ7qcLl7JiR2yL6+NznthdCPwW8XgN2XkbvDERRFqMLIVtwfzu2H110fhms59VIyyMOxHXHl2iVzCg==",
        "dependencies": {
          "Microsoft.ML.OnnxRuntime.Managed": "1.22.0"
        }
      },
      "Microsoft.ML.OnnxRuntime.Managed": {
        "type": "Transitive",
        "resolved": "1.22.0",
        "contentHash": "zlG3eY5mJnx1BhYAxRwpuHCGHzl3B+cY5/se0RmlVBw6Yh6QTGjPAXdjhlBIcw6BPFhgMn9lxWPE/U3Fvis+BQ==",
        "dependencies": {
          "System.Numerics.Tensors": "9.0.0"
        }
      },
      "Microsoft.NETCore.Platforms": {
        "type": "Transitive",
        "resolved": "1.1.0",
        "contentHash": "kz0PEW2lhqygehI/d6XsPCQzD7ff7gUJaVGPVETX611eadGsA3A877GdSlU0LRVMCTH/+P3o2iDTak+S08V2+A=="
      },
      "Microsoft.Win32.SystemEvents": {
        "type": "Transitive",
        "resolved": "9.0.0",
        "contentHash": "z8FfGIaoeALdD+KF44A2uP8PZIQQtDGiXsOLuN8nohbKhkyKt7zGaZb+fKiCxTuBqG22Q7myIAioSWaIcOOrOw=="
      },
      "NAudio.Asio": {
        "type": "Transitive",
        "resolved": "2.2.1",
        "contentHash": "hQglyOT5iT3XuGpBP8ZG0+aoqwRfidHjTNehpoWwX0g6KJEgtH2VaqM2nuJ2mheKZa/IBqB4YQTZVvrIapzfOA==",
        "dependencies": {
          "NAudio.Core": "2.2.1"
        }
      },
      "NAudio.Core": {
        "type": "Transitive",
        "resolved": "2.2.1",
        "contentHash": "GgkdP6K/7FqXFo7uHvoqGZTJvW4z8g2IffhOO4JHaLzKCdDOUEzVKtveoZkCuUX8eV2HAINqi7VFqlFndrnz/g=="
      },
      "NAudio.Midi": {
        "type": "Transitive",
        "resolved": "2.2.1",
        "contentHash": "6r23ylGo5aeP02WFXsPquz0T0hFJWyh+7t++tz19tc3Kr38NHm+Z9j+FiAv+xkH8tZqXJqus9Q8p6u7bidIgbw==",
        "dependencies": {
          "NAudio.Core": "2.2.1"
        }
      },
      "NAudio.Wasapi": {
        "type": "Transitive",
        "resolved": "2.2.1",
        "contentHash": "lFfXoqacZZe0WqNChJgGYI+XV/n/61LzPHT3C1CJp4khoxeo2sziyX5wzNYWeCMNbsWxFvT3b3iXeY1UYjBhZw==",
        "dependencies": {
          "NAudio.Core": "2.2.1"
        }
      },
      "NAudio.WinMM": {
        "type": "Transitive",
        "resolved": "2.2.1",
        "contentHash": "xFHRFwH4x6aq3IxRbewvO33ugJRvZFEOfO62i7uQJRUNW2cnu6BeBTHUS0JD5KBucZbHZaYqxQG8dwZ47ezQuQ==",
        "dependencies": {
          "NAudio.Core": "2.2.1"
        }
      },
      "Newtonsoft.Json": {
        "type": "Transitive",
        "resolved": "13.0.3",
        "contentHash": "HrC5BXdl00IP9zeV+0Z848QWPAoCr9P3bDEZguI+gkLcBKAOxix/tLEAAHC+UvDNPv4a2d18lOReHMOagPa+zQ=="
      },
      "NumSharp": {
        "type": "Transitive",
        "resolved": "0.30.0",
        "contentHash": "1f8m2B/m/ZSsICaqLszspCyA9/sTHK7wBKEH5KsxGg/r3QCYTc2HnfYOGMeCytvo8/j0v/umn5umLOLhdExlFA=="
      },
      "OpenTK.Audio.OpenAL": {
        "type": "Transitive",
        "resolved": "5.0.0-pre.13",
        "contentHash": "q+YYwBHlP54/wjlapXRmv8Wy6IiCfoL8nz/+laMKXrlCxIBQ807dh2GowOc5Z6Sllr9I45GRQlqL8xbeniqrIQ==",
        "dependencies": {
          "OpenTK.Core": "[5.0.0-pre.13, 6.0.0-pre)",
          "OpenTK.Mathematics": "[5.0.0-pre.13, 6.0.0-pre)"
        }
      },
      "OpenTK.Core": {
        "type": "Transitive",
        "resolved": "5.0.0-pre.13",
        "contentHash": "NohlYrmuR/H8dMMFzTEdTD7GgWa+mLpXzgnVa1Wixp8tzojdoalO+HYW/ixG1lzzYyBSMoENrZyRgt6njZxnkw=="
      },
      "OpenTK.Mathematics": {
        "type": "Transitive",
        "resolved": "5.0.0-pre.13",
        "contentHash": "65qbZS49AfrTM6jtZ2RDTWAzLe13ywCXIiSP5QrAJLmZT6sQqHGd1LfFXLhx8Ccp77qy7qh/LHsxpUOlkgZTCg=="
      },
      "System.CodeDom": {
        "type": "Transitive",
        "resolved": "7.0.0",
        "contentHash": "GLltyqEsE5/3IE+zYRP5sNa1l44qKl9v+bfdMcwg+M9qnQf47wK3H0SUR/T+3N4JEQXF3vV4CSuuo0rsg+nq2A=="
      },
      "System.Management": {
        "type": "Transitive",
        "resolved": "7.0.2",
        "contentHash": "/qEUN91mP/MUQmJnM5y5BdT7ZoPuVrtxnFlbJ8a3kBJGhe2wCzBfnPFtK2wTtEEcf3DMGR9J00GZZfg6HRI6yA==",
        "dependencies": {
          "System.CodeDom": "7.0.0"
        }
      },
      "System.Numerics.Tensors": {
        "type": "Transitive",
        "resolved": "9.0.5",
        "contentHash": "hS5G2PmTFHt534LfQB1WIKALMHrZu2rNdzzRr1UfDBSpFcJrKBL38ShOr/yy5s11GFzZKyLp55jdLN5LRA5t2A=="
      },
      "YamlDotNet": {
        "type": "Transitive",
        "resolved": "15.3.0",
        "contentHash": "F93japYa9YrJ59AZGhgdaUGHN7ITJ55FBBg/D/8C0BDgahv/rQD6MOSwHxOJJpon1kYyslVbeBrQ2wcJhox01w=="
      },
      "texttotalk.data": {
        "type": "Project",
        "dependencies": {
          "LiteDB": "[5.0.20, )"
        }
      },
      "texttotalk.lexicons": {
        "type": "Project"
      },
      "texttotalk.lexicons.updater": {
        "type": "Project",
        "dependencies": {
          "YamlDotNet": "[15.3.0, )"
        }
      },
      "texttotalk.ui.core": {
        "type": "Project"
      },
      "texttotalk.ungenderedoverrides": {
        "type": "Project"
      },
      "voiceunlocker": {
        "type": "Project"
      },
      "websocket-sharp": {
        "type": "Project"
      }
    }
  }
}