{
  "version": 1,
  "dependencies": {
    "net8.0-windows7.0": {
      "AdysTech.CredentialManager": {
        "type": "Direct",
        "requested": "[2.6.0, )",
        "resolved": "2.6.0",
        "contentHash": "3R3DB9ezOHC39upAwdrTEnju18k6lQ/BNmxjlLJhDPiE/09cWOeg9u1s8K1a85CGikn77KrASB+C0Vf2m+JNIA=="
      },
      "AWSSDK.Polly": {
        "type": "Direct",
        "requested": "[3.7.203.27, )",
        "resolved": "3.7.203.27",
        "contentHash": "4ig1PO+6tJoS6m/YowXK78Hsux6ZGoPwB6swlVmWkRvl85eEK/DphaW2VDuApKuzrgtG5uFwH8cYIOKMMMV9vA==",
        "dependencies": {
          "AWSSDK.Core": "[3.7.202.20, 4.0.0)"
        }
      },
      "DalamudPackager": {
        "type": "Direct",
        "requested": "[2.1.12, )",
        "resolved": "2.1.12",
        "contentHash": "Sc0PVxvgg4NQjcI8n10/VfUQBAS4O+Fw2pZrAqBdRMbthYGeogzu5+xmIGCGmsEZ/ukMOBuAqiNiB5qA3MRalg=="
      },
      "Microsoft.CognitiveServices.Speech": {
        "type": "Direct",
        "requested": "[1.32.1, )",
        "resolved": "1.32.1",
        "contentHash": "9oy2Yqd5AdGx2VQsUR2WbIuz87y+Wl3iyWnWxd2NlBINWTHsYRv1rT5iptsxb25sv+rFql0LhMpvEs30gx/fTg=="
      },
      "NAudio": {
        "type": "Direct",
        "requested": "[2.1.0, )",
        "resolved": "2.1.0",
        "contentHash": "iamDtIq4Tcq6BDEMatX7Wj6KI7rscECS72ZejjnL9RK8BgfrVRH2RlhlQVNxXNp9Up1eFESEiCILNBo7//Rr0g==",
        "dependencies": {
          "NAudio.Asio": "2.1.0",
          "NAudio.Core": "2.1.0",
          "NAudio.Midi": "2.1.0",
          "NAudio.Wasapi": "2.1.0",
          "NAudio.WinForms": "2.1.0",
          "NAudio.WinMM": "2.1.0"
        }
      },
      "R3": {
        "type": "Direct",
        "requested": "[1.0.1, )",
        "resolved": "1.0.1",
        "contentHash": "QESbZntZBK5q5d287mK88pcsRaJp6TZpmihT+x6TAfBqbwtwYl2yos9/IbdGH28HjnSxs3GaQI+Vc6UOWq1uag=="
      },
      "Standart.Hash.xxHash": {
        "type": "Direct",
        "requested": "[4.0.5, )",
        "resolved": "4.0.5",
        "contentHash": "2QC9zDPFT/SOnP7iFdK3AwakEcJ7D3zDoU7IwIAOyEhY4WQ2GQBvLqZ29/R1BSujPNtGHMITmVW1d+VjvLg6lg=="
      },
      "System.Drawing.Common": {
        "type": "Direct",
        "requested": "[7.0.0, )",
        "resolved": "7.0.0",
        "contentHash": "KIX+oBU38pxkKPxvLcLfIkOV5Ien8ReN78wro7OF5/erwcmortzeFx+iBswlh2Vz6gVne0khocQudGwaO1Ey6A==",
        "dependencies": {
          "Microsoft.Win32.SystemEvents": "7.0.0"
        }
      },
      "System.Speech": {
        "type": "Direct",
        "requested": "[7.0.0, )",
        "resolved": "7.0.0",
        "contentHash": "7E0uB92Cx2sXR67HW9rMKJqDACdLuz9t3I3OwZUFDzAgwKXWuY6CYeRT/NiypHcyZO2be9+0H0w0M6fn7HQtgQ=="
      },
      "AWSSDK.Core": {
        "type": "Transitive",
        "resolved": "3.7.202.20",
        "contentHash": "rRoHtZMcC5DYzA9WTOQd2kLor1sHC0GHippL1mCF7aA0oS4ZGm0wflm2TwtOfr2GpJk1f8Ez0Ho9xQp11cIeIw=="
      },
      "LiteDB": {
        "type": "Transitive",
        "resolved": "5.0.16",
        "contentHash": "DMUYdRlgNbrSlyWzdQ4GqW934ntNHBGWMTNQlOL4hWz8WnveY6V9ZGo2ntPrSATW7kat8v5VoCXGSzToPiwZWw=="
      },
      "Microsoft.NETCore.Platforms": {
        "type": "Transitive",
        "resolved": "3.1.0",
        "contentHash": "z7aeg8oHln2CuNulfhiLYxCVMPEwBl3rzicjvIX+4sUuCwvXw5oXQEtbiU2c0z4qYL5L3Kmx0mMA/+t/SbY67w=="
      },
      "Microsoft.Win32.Registry": {
        "type": "Transitive",
        "resolved": "4.7.0",
        "contentHash": "KSrRMb5vNi0CWSGG1++id2ZOs/1QhRqROt+qgbEAdQuGjGrFcl4AOl4/exGPUYz2wUnU42nvJqon1T3U0kPXLA==",
        "dependencies": {
          "System.Security.AccessControl": "4.7.0",
          "System.Security.Principal.Windows": "4.7.0"
        }
      },
      "Microsoft.Win32.SystemEvents": {
        "type": "Transitive",
        "resolved": "7.0.0",
        "contentHash": "2nXPrhdAyAzir0gLl8Yy8S5Mnm/uBSQQA7jEsILOS1MTyS7DbmV1NgViMtvV1sfCD1ebITpNwb1NIinKeJgUVQ=="
      },
      "NAudio.Asio": {
        "type": "Transitive",
        "resolved": "2.1.0",
        "contentHash": "YMXffgqPTsQIjmXYyzLrXSpQZzC7ZH49mmdXaPW3o/5S+AhFKZeOrwUA2fkvphQdGhryObbZnPAq+u8uABkH5A==",
        "dependencies": {
          "Microsoft.Win32.Registry": "4.7.0",
          "NAudio.Core": "2.1.0"
        }
      },
      "NAudio.Core": {
        "type": "Transitive",
        "resolved": "2.1.0",
        "contentHash": "0iowfmolibU4KxjaC/s7lox/BeDg76UVvXtCuCzRiNpylVndqsxXxp+bVWFrpv0KzQDIKLxZrnDmYENlAI0u9g=="
      },
      "NAudio.Midi": {
        "type": "Transitive",
        "resolved": "2.1.0",
        "contentHash": "m2ZunnyZ1p7OoAMh1scHRVle+GiFuIRrzkcxZJREUFHje8O2hcMGya3ZAjD+dV2FTcrbqNQUc4kJy9LOTuydUw==",
        "dependencies": {
          "NAudio.Core": "2.1.0"
        }
      },
      "NAudio.Wasapi": {
        "type": "Transitive",
        "resolved": "2.1.0",
        "contentHash": "Zp/8l79aYQEu7/HfzXWVpqyIwRUPgsvCj/Qx+pR6ykJxvwjqOoUfMiEG9US1wW4d7PEzT5ZBIL+cp90t6HNNiw==",
        "dependencies": {
          "NAudio.Core": "2.1.0"
        }
      },
      "NAudio.WinForms": {
        "type": "Transitive",
        "resolved": "2.1.0",
        "contentHash": "yoGCLidMVQmg66dNuEYusY1bttZJ5gxvufxRYFgxIw444dw4C70YsDgLeDugPd0rdwkSCQq5CtrVw6DSmxTxPA==",
        "dependencies": {
          "NAudio.WinMM": "2.1.0"
        }
      },
      "NAudio.WinMM": {
        "type": "Transitive",
        "resolved": "2.1.0",
        "contentHash": "lUU5C+XNzKhFUIEafA/nJpbtjksFtbUd033fs27KeHlOM0r6rQFF3l75dqxg+rWkGu81MfkBbYrNpH9p8qmtBA==",
        "dependencies": {
          "Microsoft.Win32.Registry": "4.7.0",
          "NAudio.Core": "2.1.0"
        }
      },
      "System.Security.AccessControl": {
        "type": "Transitive",
        "resolved": "4.7.0",
        "contentHash": "JECvTt5aFF3WT3gHpfofL2MNNP6v84sxtXxpqhLBCcDRzqsPBmHhQ6shv4DwwN2tRlzsUxtb3G9M3763rbXKDg==",
        "dependencies": {
          "Microsoft.NETCore.Platforms": "3.1.0",
          "System.Security.Principal.Windows": "4.7.0"
        }
      },
      "System.Security.Principal.Windows": {
        "type": "Transitive",
        "resolved": "4.7.0",
        "contentHash": "ojD0PX0XhneCsUbAZVKdb7h/70vyYMDYs85lwEI+LngEONe/17A0cFaRFqZU+sOEidcVswYWikYOQ9PPfjlbtQ=="
      },
      "YamlDotNet": {
        "type": "Transitive",
        "resolved": "13.0.2",
        "contentHash": "hRPqCt2bxTvHN6iT2JNG2KznDPFgD5B6j0bQ7woSpfGctmjgAYdKQ+LYHUaj/7q8sN1AbIcTNbaO75g8IFmTjw=="
      },
      "texttotalk.data": {
        "type": "Project",
        "dependencies": {
          "LiteDB": "[5.0.16, )"
        }
      },
      "texttotalk.lexicons": {
        "type": "Project"
      },
      "texttotalk.lexicons.updater": {
        "type": "Project",
        "dependencies": {
          "YamlDotNet": "[13.0.2, )"
        }
      },
      "texttotalk.ui.core": {
        "type": "Project"
      },
      "texttotalk.ungenderedoverrides": {
        "type": "Project"
      },
      "websocket-sharp": {
        "type": "Project"
      }
    },
    "net8.0-windows7.0/win-x64": {
      "Microsoft.CognitiveServices.Speech": {
        "type": "Direct",
        "requested": "[1.32.1, )",
        "resolved": "1.32.1",
        "contentHash": "9oy2Yqd5AdGx2VQsUR2WbIuz87y+Wl3iyWnWxd2NlBINWTHsYRv1rT5iptsxb25sv+rFql0LhMpvEs30gx/fTg=="
      },
      "System.Drawing.Common": {
        "type": "Direct",
        "requested": "[7.0.0, )",
        "resolved": "7.0.0",
        "contentHash": "KIX+oBU38pxkKPxvLcLfIkOV5Ien8ReN78wro7OF5/erwcmortzeFx+iBswlh2Vz6gVne0khocQudGwaO1Ey6A==",
        "dependencies": {
          "Microsoft.Win32.SystemEvents": "7.0.0"
        }
      },
      "System.Speech": {
        "type": "Direct",
        "requested": "[7.0.0, )",
        "resolved": "7.0.0",
        "contentHash": "7E0uB92Cx2sXR67HW9rMKJqDACdLuz9t3I3OwZUFDzAgwKXWuY6CYeRT/NiypHcyZO2be9+0H0w0M6fn7HQtgQ=="
      },
      "Microsoft.Win32.Registry": {
        "type": "Transitive",
        "resolved": "4.7.0",
        "contentHash": "KSrRMb5vNi0CWSGG1++id2ZOs/1QhRqROt+qgbEAdQuGjGrFcl4AOl4/exGPUYz2wUnU42nvJqon1T3U0kPXLA==",
        "dependencies": {
          "System.Security.AccessControl": "4.7.0",
          "System.Security.Principal.Windows": "4.7.0"
        }
      },
      "Microsoft.Win32.SystemEvents": {
        "type": "Transitive",
        "resolved": "7.0.0",
        "contentHash": "2nXPrhdAyAzir0gLl8Yy8S5Mnm/uBSQQA7jEsILOS1MTyS7DbmV1NgViMtvV1sfCD1ebITpNwb1NIinKeJgUVQ=="
      },
      "System.Security.AccessControl": {
        "type": "Transitive",
        "resolved": "4.7.0",
        "contentHash": "JECvTt5aFF3WT3gHpfofL2MNNP6v84sxtXxpqhLBCcDRzqsPBmHhQ6shv4DwwN2tRlzsUxtb3G9M3763rbXKDg==",
        "dependencies": {
          "Microsoft.NETCore.Platforms": "3.1.0",
          "System.Security.Principal.Windows": "4.7.0"
        }
      },
      "System.Security.Principal.Windows": {
        "type": "Transitive",
        "resolved": "4.7.0",
        "contentHash": "ojD0PX0XhneCsUbAZVKdb7h/70vyYMDYs85lwEI+LngEONe/17A0cFaRFqZU+sOEidcVswYWikYOQ9PPfjlbtQ=="
      }
    }
  }
}