
Microsoft Visual Studio Solution File, Format Version 12.00
# Visual Studio Version 17
VisualStudioVersion = 17.1.32210.238
MinimumVisualStudioVersion = 10.0.40219.1
Project("{9A19103F-16F7-4668-BE54-9A1E7A4F7556}") = "TextToTalk", "TextToTalk\TextToTalk.csproj", "{B0630C8C-D18D-46A4-B4E9-BCAABACE621C}"
EndProject
Project("{2150E333-8FDC-42A3-9474-1A3956D46DE8}") = "GitHub", "GitHub", "{49A4953A-AD55-4B70-98A0-B22938AEA9A2}"
	ProjectSection(SolutionItems) = preProject
		..\.gitattributes = ..\.gitattributes
		..\.gitignore = ..\.gitignore
		..\LICENSE = ..\LICENSE
		..\README.md = ..\README.md
	EndProjectSection
EndProject
Project("{9A19103F-16F7-4668-BE54-9A1E7A4F7556}") = "VoiceUnlocker", "VoiceUnlocker\VoiceUnlocker.csproj", "{E023B363-6FC3-4B1E-A5EF-1B28DEDF47AA}"
EndProject
Project("{2150E333-8FDC-42A3-9474-1A3956D46DE8}") = "Lexicons", "Lexicons", "{07BD3AED-2084-42A1-9F73-67B079787596}"
	ProjectSection(SolutionItems) = preProject
		..\lexicons\README.md = ..\lexicons\README.md
	EndProjectSection
EndProject
Project("{9A19103F-16F7-4668-BE54-9A1E7A4F7556}") = "TextToTalk.Lexicons", "TextToTalk.Lexicons\TextToTalk.Lexicons.csproj", "{BE6E5AE6-B9FA-4054-8775-51C94DFA1BAA}"
EndProject
Project("{9A19103F-16F7-4668-BE54-9A1E7A4F7556}") = "TextToTalk.Lexicons.Tests", "TextToTalk.Lexicons.Tests\TextToTalk.Lexicons.Tests.csproj", "{D38C50D2-AC76-40FD-A811-B94F69C9B516}"
EndProject
Project("{2150E333-8FDC-42A3-9474-1A3956D46DE8}") = "Solution Items", "Solution Items", "{68C4D5D9-EE7B-4229-AED7-139DCD594581}"
	ProjectSection(SolutionItems) = preProject
		.editorconfig = .editorconfig
	EndProjectSection
EndProject
Project("{9A19103F-16F7-4668-BE54-9A1E7A4F7556}") = "TextToTalk.UngenderedOverrides", "TextToTalk.UngenderedOverrides\TextToTalk.UngenderedOverrides.csproj", "{9F248CD6-43CE-4FB6-8F50-202E81568DE6}"
EndProject
Project("{9A19103F-16F7-4668-BE54-9A1E7A4F7556}") = "TextToTalk.UngenderedOverrides.Tests", "TextToTalk.UngenderedOverrides.Tests\TextToTalk.UngenderedOverrides.Tests.csproj", "{043035D1-2721-4BCC-9E05-CFBF85E3298D}"
EndProject
Project("{9A19103F-16F7-4668-BE54-9A1E7A4F7556}") = "TextToTalk.Tests", "TextToTalk.Tests\TextToTalk.Tests.csproj", "{237C6AFC-13E3-4945-9AF3-146D5116F42D}"
EndProject
Project("{9A19103F-16F7-4668-BE54-9A1E7A4F7556}") = "VoiceCheck", "VoiceCheck\VoiceCheck.csproj", "{4AEC8074-5164-4790-8D86-33C86F07B19F}"
EndProject
Project("{2150E333-8FDC-42A3-9474-1A3956D46DE8}") = "Utilities", "Utilities", "{869EA518-EE54-4AC4-9D4C-12B881372867}"
EndProject
Project("{9A19103F-16F7-4668-BE54-9A1E7A4F7556}") = "LexiconRepoCheck", "LexiconRepoCheck\LexiconRepoCheck.csproj", "{3DD6DE1F-CA9B-47BE-B101-FC185C559CB5}"
EndProject
Project("{9A19103F-16F7-4668-BE54-9A1E7A4F7556}") = "TextToTalk.Lexicons.Updater", "TextToTalk.Lexicons.Updater\TextToTalk.Lexicons.Updater.csproj", "{85A50544-14C8-4CDF-A26C-32AE16B9A556}"
EndProject
Project("{FAE04EC0-301F-11D3-BF4B-00C04F79EFBC}") = "websocket-sharp", "websocket-sharp\websocket-sharp\websocket-sharp.csproj", "{B357BAC7-529E-4D81-A0D2-71041B19C8DE}"
EndProject
Project("{FAE04EC0-301F-11D3-BF4B-00C04F79EFBC}") = "TextToTalk.UI.SourceGeneration", "TextToTalk.UI.SourceGeneration\TextToTalk.UI.SourceGeneration.csproj", "{A8699D32-A86A-43A2-99F0-91ED09F11417}"
EndProject
Project("{FAE04EC0-301F-11D3-BF4B-00C04F79EFBC}") = "TextToTalk.UI.Core", "TextToTalk.UI.Core\TextToTalk.UI.Core.csproj", "{D677D116-0553-437B-AC66-5C0CBF5B97E1}"
EndProject
Project("{FAE04EC0-301F-11D3-BF4B-00C04F79EFBC}") = "TextToTalk.UI.SourceGeneration.Tests", "TextToTalk.UI.SourceGeneration.Tests\TextToTalk.UI.SourceGeneration.Tests.csproj", "{651C8C36-8A66-4A95-9366-8EFF58FD2025}"
EndProject
Project("{FAE04EC0-301F-11D3-BF4B-00C04F79EFBC}") = "TextToTalk.Data", "TextToTalk.Data\TextToTalk.Data.csproj", "{0A53F805-0068-4AD7-A851-77275665630F}"
EndProject
Global
	GlobalSection(SolutionConfigurationPlatforms) = preSolution
		Debug|Any CPU = Debug|Any CPU
		Release|Any CPU = Release|Any CPU
	EndGlobalSection
	GlobalSection(ProjectConfigurationPlatforms) = postSolution
		{B0630C8C-D18D-46A4-B4E9-BCAABACE621C}.Debug|Any CPU.ActiveCfg = Debug|Any CPU
		{B0630C8C-D18D-46A4-B4E9-BCAABACE621C}.Debug|Any CPU.Build.0 = Debug|Any CPU
		{B0630C8C-D18D-46A4-B4E9-BCAABACE621C}.Release|Any CPU.ActiveCfg = Release|Any CPU
		{B0630C8C-D18D-46A4-B4E9-BCAABACE621C}.Release|Any CPU.Build.0 = Release|Any CPU
		{E023B363-6FC3-4B1E-A5EF-1B28DEDF47AA}.Debug|Any CPU.ActiveCfg = Debug|Any CPU
		{E023B363-6FC3-4B1E-A5EF-1B28DEDF47AA}.Debug|Any CPU.Build.0 = Debug|Any CPU
		{E023B363-6FC3-4B1E-A5EF-1B28DEDF47AA}.Release|Any CPU.ActiveCfg = Release|Any CPU
		{E023B363-6FC3-4B1E-A5EF-1B28DEDF47AA}.Release|Any CPU.Build.0 = Release|Any CPU
		{BE6E5AE6-B9FA-4054-8775-51C94DFA1BAA}.Debug|Any CPU.ActiveCfg = Debug|Any CPU
		{BE6E5AE6-B9FA-4054-8775-51C94DFA1BAA}.Debug|Any CPU.Build.0 = Debug|Any CPU
		{BE6E5AE6-B9FA-4054-8775-51C94DFA1BAA}.Release|Any CPU.ActiveCfg = Release|Any CPU
		{BE6E5AE6-B9FA-4054-8775-51C94DFA1BAA}.Release|Any CPU.Build.0 = Release|Any CPU
		{D38C50D2-AC76-40FD-A811-B94F69C9B516}.Debug|Any CPU.ActiveCfg = Debug|Any CPU
		{D38C50D2-AC76-40FD-A811-B94F69C9B516}.Debug|Any CPU.Build.0 = Debug|Any CPU
		{D38C50D2-AC76-40FD-A811-B94F69C9B516}.Release|Any CPU.ActiveCfg = Release|Any CPU
		{D38C50D2-AC76-40FD-A811-B94F69C9B516}.Release|Any CPU.Build.0 = Release|Any CPU
		{9F248CD6-43CE-4FB6-8F50-202E81568DE6}.Debug|Any CPU.ActiveCfg = Debug|Any CPU
		{9F248CD6-43CE-4FB6-8F50-202E81568DE6}.Debug|Any CPU.Build.0 = Debug|Any CPU
		{9F248CD6-43CE-4FB6-8F50-202E81568DE6}.Release|Any CPU.ActiveCfg = Release|Any CPU
		{9F248CD6-43CE-4FB6-8F50-202E81568DE6}.Release|Any CPU.Build.0 = Release|Any CPU
		{043035D1-2721-4BCC-9E05-CFBF85E3298D}.Debug|Any CPU.ActiveCfg = Debug|Any CPU
		{043035D1-2721-4BCC-9E05-CFBF85E3298D}.Debug|Any CPU.Build.0 = Debug|Any CPU
		{043035D1-2721-4BCC-9E05-CFBF85E3298D}.Release|Any CPU.ActiveCfg = Release|Any CPU
		{043035D1-2721-4BCC-9E05-CFBF85E3298D}.Release|Any CPU.Build.0 = Release|Any CPU
		{237C6AFC-13E3-4945-9AF3-146D5116F42D}.Debug|Any CPU.ActiveCfg = Debug|Any CPU
		{237C6AFC-13E3-4945-9AF3-146D5116F42D}.Debug|Any CPU.Build.0 = Debug|Any CPU
		{237C6AFC-13E3-4945-9AF3-146D5116F42D}.Release|Any CPU.ActiveCfg = Release|Any CPU
		{237C6AFC-13E3-4945-9AF3-146D5116F42D}.Release|Any CPU.Build.0 = Release|Any CPU
		{4AEC8074-5164-4790-8D86-33C86F07B19F}.Debug|Any CPU.ActiveCfg = Debug|Any CPU
		{4AEC8074-5164-4790-8D86-33C86F07B19F}.Debug|Any CPU.Build.0 = Debug|Any CPU
		{4AEC8074-5164-4790-8D86-33C86F07B19F}.Release|Any CPU.ActiveCfg = Release|Any CPU
		{4AEC8074-5164-4790-8D86-33C86F07B19F}.Release|Any CPU.Build.0 = Release|Any CPU
		{3DD6DE1F-CA9B-47BE-B101-FC185C559CB5}.Debug|Any CPU.ActiveCfg = Debug|Any CPU
		{3DD6DE1F-CA9B-47BE-B101-FC185C559CB5}.Debug|Any CPU.Build.0 = Debug|Any CPU
		{3DD6DE1F-CA9B-47BE-B101-FC185C559CB5}.Release|Any CPU.ActiveCfg = Release|Any CPU
		{3DD6DE1F-CA9B-47BE-B101-FC185C559CB5}.Release|Any CPU.Build.0 = Release|Any CPU
		{85A50544-14C8-4CDF-A26C-32AE16B9A556}.Debug|Any CPU.ActiveCfg = Debug|Any CPU
		{85A50544-14C8-4CDF-A26C-32AE16B9A556}.Debug|Any CPU.Build.0 = Debug|Any CPU
		{85A50544-14C8-4CDF-A26C-32AE16B9A556}.Release|Any CPU.ActiveCfg = Release|Any CPU
		{85A50544-14C8-4CDF-A26C-32AE16B9A556}.Release|Any CPU.Build.0 = Release|Any CPU
		{B357BAC7-529E-4D81-A0D2-71041B19C8DE}.Debug|Any CPU.ActiveCfg = Debug|Any CPU
		{B357BAC7-529E-4D81-A0D2-71041B19C8DE}.Debug|Any CPU.Build.0 = Debug|Any CPU
		{B357BAC7-529E-4D81-A0D2-71041B19C8DE}.Release|Any CPU.ActiveCfg = Release|Any CPU
		{B357BAC7-529E-4D81-A0D2-71041B19C8DE}.Release|Any CPU.Build.0 = Release|Any CPU
		{A8699D32-A86A-43A2-99F0-91ED09F11417}.Debug|Any CPU.ActiveCfg = Debug|Any CPU
		{A8699D32-A86A-43A2-99F0-91ED09F11417}.Debug|Any CPU.Build.0 = Debug|Any CPU
		{A8699D32-A86A-43A2-99F0-91ED09F11417}.Release|Any CPU.ActiveCfg = Release|Any CPU
		{A8699D32-A86A-43A2-99F0-91ED09F11417}.Release|Any CPU.Build.0 = Release|Any CPU
		{D677D116-0553-437B-AC66-5C0CBF5B97E1}.Debug|Any CPU.ActiveCfg = Debug|Any CPU
		{D677D116-0553-437B-AC66-5C0CBF5B97E1}.Debug|Any CPU.Build.0 = Debug|Any CPU
		{D677D116-0553-437B-AC66-5C0CBF5B97E1}.Release|Any CPU.ActiveCfg = Release|Any CPU
		{D677D116-0553-437B-AC66-5C0CBF5B97E1}.Release|Any CPU.Build.0 = Release|Any CPU
		{651C8C36-8A66-4A95-9366-8EFF58FD2025}.Debug|Any CPU.ActiveCfg = Debug|Any CPU
		{651C8C36-8A66-4A95-9366-8EFF58FD2025}.Debug|Any CPU.Build.0 = Debug|Any CPU
		{651C8C36-8A66-4A95-9366-8EFF58FD2025}.Release|Any CPU.ActiveCfg = Release|Any CPU
		{651C8C36-8A66-4A95-9366-8EFF58FD2025}.Release|Any CPU.Build.0 = Release|Any CPU
		{0A53F805-0068-4AD7-A851-77275665630F}.Debug|Any CPU.ActiveCfg = Debug|Any CPU
		{0A53F805-0068-4AD7-A851-77275665630F}.Debug|Any CPU.Build.0 = Debug|Any CPU
		{0A53F805-0068-4AD7-A851-77275665630F}.Release|Any CPU.ActiveCfg = Release|Any CPU
		{0A53F805-0068-4AD7-A851-77275665630F}.Release|Any CPU.Build.0 = Release|Any CPU
	EndGlobalSection
	GlobalSection(SolutionProperties) = preSolution
		HideSolutionNode = FALSE
	EndGlobalSection
	GlobalSection(NestedProjects) = preSolution
		{4AEC8074-5164-4790-8D86-33C86F07B19F} = {869EA518-EE54-4AC4-9D4C-12B881372867}
		{3DD6DE1F-CA9B-47BE-B101-FC185C559CB5} = {869EA518-EE54-4AC4-9D4C-12B881372867}
	EndGlobalSection
	GlobalSection(ExtensibilityGlobals) = postSolution
		SolutionGuid = {FB309474-7EB5-47DB-A23B-98FBA066A084}
	EndGlobalSection
EndGlobal
